// !$*UTF8*$!
{
	archiveVersion = 1;
	classes = {
	};
	objectVersion = 56;
	objects = {

/* Begin PBXBuildFile section */
		C91953E92A5E633F0090E916 /* PeepPeepApp.swift in Sources */ = {isa = PBXBuildFile; fileRef = C91953E82A5E633F0090E916 /* PeepPeepApp.swift */; };
		C91953EB2A5E633F0090E916 /* ContentView.swift in Sources */ = {isa = PBXBuildFile; fileRef = C91953EA2A5E633F0090E916 /* ContentView.swift */; };
		C91953ED2A5E63400090E916 /* Assets.xcassets in Resources */ = {isa = PBXBuildFile; fileRef = C91953EC2A5E63400090E916 /* Assets.xcassets */; };
		C91953F02A5E63400090E916 /* Preview Assets.xcassets in Resources */ = {isa = PBXBuildFile; fileRef = C91953EF2A5E63400090E916 /* Preview Assets.xcassets */; };
		C91953F72A5E63500090E916 /* AppDelegate.swift in Sources */ = {isa = PBXBuildFile; fileRef = C91953F62A5E63500090E916 /* AppDelegate.swift */; };
		C91954072A5E63BE0090E916 /* Colors.swift in Sources */ = {isa = PBXBuildFile; fileRef = C91954062A5E63BE0090E916 /* Colors.swift */; };
		C91954092A5E63C50090E916 /* Styles.swift in Sources */ = {isa = PBXBuildFile; fileRef = C91954082A5E63C50090E916 /* Styles.swift */; };
		C992F9B02A5E6C600050EBD1 /* .swiftlint.yml in Resources */ = {isa = PBXBuildFile; fileRef = C992F9AF2A5E6C600050EBD1 /* .swiftlint.yml */; };
		C9FE6E372A5E82A100E6C524 /* InitialSetupView.swift in Sources */ = {isa = PBXBuildFile; fileRef = C9FE6E362A5E82A100E6C524 /* InitialSetupView.swift */; };
/* End PBXBuildFile section */

/* Begin PBXFileReference section */
		C91953E52A5E633F0090E916 /* PeepPeep.app */ = {isa = PBXFileReference; explicitFileType = wrapper.application; includeInIndex = 0; path = PeepPeep.app; sourceTree = BUILT_PRODUCTS_DIR; };
		C91953E82A5E633F0090E916 /* PeepPeepApp.swift */ = {isa = PBXFileReference; lastKnownFileType = sourcecode.swift; path = PeepPeepApp.swift; sourceTree = "<group>"; };
		C91953EA2A5E633F0090E916 /* ContentView.swift */ = {isa = PBXFileReference; lastKnownFileType = sourcecode.swift; path = ContentView.swift; sourceTree = "<group>"; };
		C91953EC2A5E63400090E916 /* Assets.xcassets */ = {isa = PBXFileReference; lastKnownFileType = folder.assetcatalog; path = Assets.xcassets; sourceTree = "<group>"; };
		C91953EF2A5E63400090E916 /* Preview Assets.xcassets */ = {isa = PBXFileReference; lastKnownFileType = folder.assetcatalog; path = "Preview Assets.xcassets"; sourceTree = "<group>"; };
		C91953F62A5E63500090E916 /* AppDelegate.swift */ = {isa = PBXFileReference; lastKnownFileType = sourcecode.swift; path = AppDelegate.swift; sourceTree = "<group>"; };
		C91954062A5E63BE0090E916 /* Colors.swift */ = {isa = PBXFileReference; lastKnownFileType = sourcecode.swift; path = Colors.swift; sourceTree = "<group>"; };
		C91954082A5E63C50090E916 /* Styles.swift */ = {isa = PBXFileReference; lastKnownFileType = sourcecode.swift; path = Styles.swift; sourceTree = "<group>"; };
		C992F9AF2A5E6C600050EBD1 /* .swiftlint.yml */ = {isa = PBXFileReference; lastKnownFileType = text.yaml; path = .swiftlint.yml; sourceTree = "<group>"; };
		C9FE6E362A5E82A100E6C524 /* InitialSetupView.swift */ = {isa = PBXFileReference; lastKnownFileType = sourcecode.swift; name = InitialSetupView.swift; path = ../../../InitialSetupScreen/InitialSetupView.swift; sourceTree = "<group>"; };
/* End PBXFileReference section */

/* Begin PBXFrameworksBuildPhase section */
		C91953E22A5E633F0090E916 /* Frameworks */ = {
			isa = PBXFrameworksBuildPhase;
			buildActionMask = 2147483647;
			files = (
			);
			runOnlyForDeploymentPostprocessing = 0;
		};
/* End PBXFrameworksBuildPhase section */

/* Begin PBXGroup section */
		C91953DC2A5E633F0090E916 = {
			isa = PBXGroup;
			children = (
				C992F9AF2A5E6C600050EBD1 /* .swiftlint.yml */,
				C91953E72A5E633F0090E916 /* PeepPeep */,
				C91953E62A5E633F0090E916 /* Products */,
			);
			sourceTree = "<group>";
		};
		C91953E62A5E633F0090E916 /* Products */ = {
			isa = PBXGroup;
			children = (
				C91953E52A5E633F0090E916 /* PeepPeep.app */,
			);
			name = Products;
			sourceTree = "<group>";
		};
		C91953E72A5E633F0090E916 /* PeepPeep */ = {
			isa = PBXGroup;
			children = (
				C91953F62A5E63500090E916 /* AppDelegate.swift */,
				C91953E82A5E633F0090E916 /* PeepPeepApp.swift */,
				C91953EA2A5E633F0090E916 /* ContentView.swift */,
				C91953F82A5E63560090E916 /* Model */,
				C91954032A5E63AB0090E916 /* ViewModel */,
				C91953FA2A5E63630090E916 /* View */,
				C91954042A5E63B00090E916 /* Common */,
				C91953EC2A5E63400090E916 /* Assets.xcassets */,
				C91953EE2A5E63400090E916 /* Preview Content */,
			);
			path = PeepPeep;
			sourceTree = "<group>";
		};
		C91953EE2A5E63400090E916 /* Preview Content */ = {
			isa = PBXGroup;
			children = (
				C91953EF2A5E63400090E916 /* Preview Assets.xcassets */,
			);
			path = "Preview Content";
			sourceTree = "<group>";
		};
		C91953F82A5E63560090E916 /* Model */ = {
			isa = PBXGroup;
			children = (
			);
			path = Model;
			sourceTree = "<group>";
		};
		C91953FA2A5E63630090E916 /* View */ = {
			isa = PBXGroup;
			children = (
				C91954022A5E63A20090E916 /* SplashScreen */,
				C91954012A5E63990090E916 /* InitialSetupScreen */,
				C91954002A5E63920090E916 /* MainScreen */,
				C91953FF2A5E638A0090E916 /* DailyFeedBack */,
				C91953FE2A5E637F0090E916 /* WeeklyFeedBack */,
				C91953FD2A5E63780090E916 /* FinalReport */,
				C91953FC2A5E63710090E916 /* CostumeBook */,
				C91953FB2A5E636A0090E916 /* Widget */,
			);
			path = View;
			sourceTree = "<group>";
		};
		C91953FB2A5E636A0090E916 /* Widget */ = {
			isa = PBXGroup;
			children = (
			);
			path = Widget;
			sourceTree = "<group>";
		};
		C91953FC2A5E63710090E916 /* CostumeBook */ = {
			isa = PBXGroup;
			children = (
			);
			path = CostumeBook;
			sourceTree = "<group>";
		};
		C91953FD2A5E63780090E916 /* FinalReport */ = {
			isa = PBXGroup;
			children = (
			);
			path = FinalReport;
			sourceTree = "<group>";
		};
		C91953FE2A5E637F0090E916 /* WeeklyFeedBack */ = {
			isa = PBXGroup;
			children = (
			);
			path = WeeklyFeedBack;
			sourceTree = "<group>";
		};
		C91953FF2A5E638A0090E916 /* DailyFeedBack */ = {
			isa = PBXGroup;
			children = (
			);
			path = DailyFeedBack;
			sourceTree = "<group>";
		};
		C91954002A5E63920090E916 /* MainScreen */ = {
			isa = PBXGroup;
			children = (
			);
			path = MainScreen;
			sourceTree = "<group>";
		};
		C91954012A5E63990090E916 /* InitialSetupScreen */ = {
			isa = PBXGroup;
			children = (
				C9FE6E362A5E82A100E6C524 /* InitialSetupView.swift */,
			);
			path = InitialSetupScreen;
			sourceTree = "<group>";
		};
		C91954022A5E63A20090E916 /* SplashScreen */ = {
			isa = PBXGroup;
			children = (
			);
			path = SplashScreen;
			sourceTree = "<group>";
		};
		C91954032A5E63AB0090E916 /* ViewModel */ = {
			isa = PBXGroup;
			children = (
			);
			path = ViewModel;
			sourceTree = "<group>";
		};
		C91954042A5E63B00090E916 /* Common */ = {
			isa = PBXGroup;
			children = (
				C91954052A5E63B40090E916 /* Themes */,
				C919540C2A5E63D70090E916 /* Components */,
				C919540B2A5E63CE0090E916 /* Extensions */,
				C919540A2A5E63CA0090E916 /* Utils */,
			);
			path = Common;
			sourceTree = "<group>";
		};
		C91954052A5E63B40090E916 /* Themes */ = {
			isa = PBXGroup;
			children = (
				C91954062A5E63BE0090E916 /* Colors.swift */,
				C91954082A5E63C50090E916 /* Styles.swift */,
			);
			path = Themes;
			sourceTree = "<group>";
		};
		C919540A2A5E63CA0090E916 /* Utils */ = {
			isa = PBXGroup;
			children = (
			);
			path = Utils;
			sourceTree = "<group>";
		};
		C919540B2A5E63CE0090E916 /* Extensions */ = {
			isa = PBXGroup;
			children = (
			);
			path = Extensions;
			sourceTree = "<group>";
		};
		C919540C2A5E63D70090E916 /* Components */ = {
			isa = PBXGroup;
			children = (
			);
			path = Components;
			sourceTree = "<group>";
		};
/* End PBXGroup section */

/* Begin PBXNativeTarget section */
		C91953E42A5E633F0090E916 /* PeepPeep */ = {
			isa = PBXNativeTarget;
			buildConfigurationList = C91953F32A5E63400090E916 /* Build configuration list for PBXNativeTarget "PeepPeep" */;
			buildPhases = (
				C91953E12A5E633F0090E916 /* Sources */,
				C91953E22A5E633F0090E916 /* Frameworks */,
				C91953E32A5E633F0090E916 /* Resources */,
				C992F9AC2A5E6B450050EBD1 /* ShellScript */,
			);
			buildRules = (
			);
			dependencies = (
			);
			name = PeepPeep;
			productName = PeepPeep;
			productReference = C91953E52A5E633F0090E916 /* PeepPeep.app */;
			productType = "com.apple.product-type.application";
		};
/* End PBXNativeTarget section */

/* Begin PBXProject section */
		C91953DD2A5E633F0090E916 /* Project object */ = {
			isa = PBXProject;
			attributes = {
				BuildIndependentTargetsInParallel = 1;
				LastSwiftUpdateCheck = 1430;
				LastUpgradeCheck = 1430;
				TargetAttributes = {
					C91953E42A5E633F0090E916 = {
						CreatedOnToolsVersion = 14.3.1;
					};
				};
			};
			buildConfigurationList = C91953E02A5E633F0090E916 /* Build configuration list for PBXProject "PeepPeep" */;
			compatibilityVersion = "Xcode 14.0";
			developmentRegion = en;
			hasScannedForEncodings = 0;
			knownRegions = (
				en,
				Base,
			);
			mainGroup = C91953DC2A5E633F0090E916;
			productRefGroup = C91953E62A5E633F0090E916 /* Products */;
			projectDirPath = "";
			projectRoot = "";
			targets = (
				C91953E42A5E633F0090E916 /* PeepPeep */,
			);
		};
/* End PBXProject section */

/* Begin PBXResourcesBuildPhase section */
		C91953E32A5E633F0090E916 /* Resources */ = {
			isa = PBXResourcesBuildPhase;
			buildActionMask = 2147483647;
			files = (
				C992F9B02A5E6C600050EBD1 /* .swiftlint.yml in Resources */,
				C91953F02A5E63400090E916 /* Preview Assets.xcassets in Resources */,
				C91953ED2A5E63400090E916 /* Assets.xcassets in Resources */,
			);
			runOnlyForDeploymentPostprocessing = 0;
		};
/* End PBXResourcesBuildPhase section */

/* Begin PBXShellScriptBuildPhase section */
		C992F9AC2A5E6B450050EBD1 /* ShellScript */ = {
			isa = PBXShellScriptBuildPhase;
			buildActionMask = 2147483647;
			files = (
			);
			inputFileListPaths = (
			);
			inputPaths = (
			);
			outputFileListPaths = (
			);
			outputPaths = (
			);
			runOnlyForDeploymentPostprocessing = 0;
			shellPath = /bin/sh;
			shellScript = "export PATH=\"$PATH:/opt/homebrew/bin\"\nif which swiftlint > /dev/null; then\n  swiftlint\nelse\n  echo \"warning: SwiftLint not installed, download from https://github.com/realm/SwiftLint\"\nfi\n";
		};
/* End PBXShellScriptBuildPhase section */

/* Begin PBXSourcesBuildPhase section */
		C91953E12A5E633F0090E916 /* Sources */ = {
			isa = PBXSourcesBuildPhase;
			buildActionMask = 2147483647;
			files = (
				C91953F72A5E63500090E916 /* AppDelegate.swift in Sources */,
				C91954092A5E63C50090E916 /* Styles.swift in Sources */,
				C91954072A5E63BE0090E916 /* Colors.swift in Sources */,
				C91953EB2A5E633F0090E916 /* ContentView.swift in Sources */,
				C91953E92A5E633F0090E916 /* PeepPeepApp.swift in Sources */,
				C9FE6E372A5E82A100E6C524 /* InitialSetupView.swift in Sources */,
			);
			runOnlyForDeploymentPostprocessing = 0;
		};
/* End PBXSourcesBuildPhase section */

/* Begin XCBuildConfiguration section */
		C91953F12A5E63400090E916 /* Debug */ = {
			isa = XCBuildConfiguration;
			buildSettings = {
				ALWAYS_SEARCH_USER_PATHS = NO;
				CLANG_ANALYZER_NONNULL = YES;
				CLANG_ANALYZER_NUMBER_OBJECT_CONVERSION = YES_AGGRESSIVE;
				CLANG_CXX_LANGUAGE_STANDARD = "gnu++20";
				CLANG_ENABLE_MODULES = YES;
				CLANG_ENABLE_OBJC_ARC = YES;
				CLANG_ENABLE_OBJC_WEAK = YES;
				CLANG_WARN_BLOCK_CAPTURE_AUTORELEASING = YES;
				CLANG_WARN_BOOL_CONVERSION = YES;
				CLANG_WARN_COMMA = YES;
				CLANG_WARN_CONSTANT_CONVERSION = YES;
				CLANG_WARN_DEPRECATED_OBJC_IMPLEMENTATIONS = YES;
				CLANG_WARN_DIRECT_OBJC_ISA_USAGE = YES_ERROR;
				CLANG_WARN_DOCUMENTATION_COMMENTS = YES;
				CLANG_WARN_EMPTY_BODY = YES;
				CLANG_WARN_ENUM_CONVERSION = YES;
				CLANG_WARN_INFINITE_RECURSION = YES;
				CLANG_WARN_INT_CONVERSION = YES;
				CLANG_WARN_NON_LITERAL_NULL_CONVERSION = YES;
				CLANG_WARN_OBJC_IMPLICIT_RETAIN_SELF = YES;
				CLANG_WARN_OBJC_LITERAL_CONVERSION = YES;
				CLANG_WARN_OBJC_ROOT_CLASS = YES_ERROR;
				CLANG_WARN_QUOTED_INCLUDE_IN_FRAMEWORK_HEADER = YES;
				CLANG_WARN_RANGE_LOOP_ANALYSIS = YES;
				CLANG_WARN_STRICT_PROTOTYPES = YES;
				CLANG_WARN_SUSPICIOUS_MOVE = YES;
				CLANG_WARN_UNGUARDED_AVAILABILITY = YES_AGGRESSIVE;
				CLANG_WARN_UNREACHABLE_CODE = YES;
				CLANG_WARN__DUPLICATE_METHOD_MATCH = YES;
				COPY_PHASE_STRIP = NO;
				DEBUG_INFORMATION_FORMAT = dwarf;
				ENABLE_STRICT_OBJC_MSGSEND = YES;
				ENABLE_TESTABILITY = YES;
				GCC_C_LANGUAGE_STANDARD = gnu11;
				GCC_DYNAMIC_NO_PIC = NO;
				GCC_NO_COMMON_BLOCKS = YES;
				GCC_OPTIMIZATION_LEVEL = 0;
				GCC_PREPROCESSOR_DEFINITIONS = (
					"DEBUG=1",
					"$(inherited)",
				);
				GCC_WARN_64_TO_32_BIT_CONVERSION = YES;
				GCC_WARN_ABOUT_RETURN_TYPE = YES_ERROR;
				GCC_WARN_UNDECLARED_SELECTOR = YES;
				GCC_WARN_UNINITIALIZED_AUTOS = YES_AGGRESSIVE;
				GCC_WARN_UNUSED_FUNCTION = YES;
				GCC_WARN_UNUSED_VARIABLE = YES;
				IPHONEOS_DEPLOYMENT_TARGET = 16.4;
				MTL_ENABLE_DEBUG_INFO = INCLUDE_SOURCE;
				MTL_FAST_MATH = YES;
				ONLY_ACTIVE_ARCH = YES;
				SDKROOT = iphoneos;
				SWIFT_ACTIVE_COMPILATION_CONDITIONS = DEBUG;
				SWIFT_OPTIMIZATION_LEVEL = "-Onone";
			};
			name = Debug;
		};
		C91953F22A5E63400090E916 /* Release */ = {
			isa = XCBuildConfiguration;
			buildSettings = {
				ALWAYS_SEARCH_USER_PATHS = NO;
				CLANG_ANALYZER_NONNULL = YES;
				CLANG_ANALYZER_NUMBER_OBJECT_CONVERSION = YES_AGGRESSIVE;
				CLANG_CXX_LANGUAGE_STANDARD = "gnu++20";
				CLANG_ENABLE_MODULES = YES;
				CLANG_ENABLE_OBJC_ARC = YES;
				CLANG_ENABLE_OBJC_WEAK = YES;
				CLANG_WARN_BLOCK_CAPTURE_AUTORELEASING = YES;
				CLANG_WARN_BOOL_CONVERSION = YES;
				CLANG_WARN_COMMA = YES;
				CLANG_WARN_CONSTANT_CONVERSION = YES;
				CLANG_WARN_DEPRECATED_OBJC_IMPLEMENTATIONS = YES;
				CLANG_WARN_DIRECT_OBJC_ISA_USAGE = YES_ERROR;
				CLANG_WARN_DOCUMENTATION_COMMENTS = YES;
				CLANG_WARN_EMPTY_BODY = YES;
				CLANG_WARN_ENUM_CONVERSION = YES;
				CLANG_WARN_INFINITE_RECURSION = YES;
				CLANG_WARN_INT_CONVERSION = YES;
				CLANG_WARN_NON_LITERAL_NULL_CONVERSION = YES;
				CLANG_WARN_OBJC_IMPLICIT_RETAIN_SELF = YES;
				CLANG_WARN_OBJC_LITERAL_CONVERSION = YES;
				CLANG_WARN_OBJC_ROOT_CLASS = YES_ERROR;
				CLANG_WARN_QUOTED_INCLUDE_IN_FRAMEWORK_HEADER = YES;
				CLANG_WARN_RANGE_LOOP_ANALYSIS = YES;
				CLANG_WARN_STRICT_PROTOTYPES = YES;
				CLANG_WARN_SUSPICIOUS_MOVE = YES;
				CLANG_WARN_UNGUARDED_AVAILABILITY = YES_AGGRESSIVE;
				CLANG_WARN_UNREACHABLE_CODE = YES;
				CLANG_WARN__DUPLICATE_METHOD_MATCH = YES;
				COPY_PHASE_STRIP = NO;
				DEBUG_INFORMATION_FORMAT = "dwarf-with-dsym";
				ENABLE_NS_ASSERTIONS = NO;
				ENABLE_STRICT_OBJC_MSGSEND = YES;
				GCC_C_LANGUAGE_STANDARD = gnu11;
				GCC_NO_COMMON_BLOCKS = YES;
				GCC_WARN_64_TO_32_BIT_CONVERSION = YES;
				GCC_WARN_ABOUT_RETURN_TYPE = YES_ERROR;
				GCC_WARN_UNDECLARED_SELECTOR = YES;
				GCC_WARN_UNINITIALIZED_AUTOS = YES_AGGRESSIVE;
				GCC_WARN_UNUSED_FUNCTION = YES;
				GCC_WARN_UNUSED_VARIABLE = YES;
				IPHONEOS_DEPLOYMENT_TARGET = 16.4;
				MTL_ENABLE_DEBUG_INFO = NO;
				MTL_FAST_MATH = YES;
				SDKROOT = iphoneos;
				SWIFT_COMPILATION_MODE = wholemodule;
				SWIFT_OPTIMIZATION_LEVEL = "-O";
				VALIDATE_PRODUCT = YES;
			};
			name = Release;
		};
		C91953F42A5E63400090E916 /* Debug */ = {
			isa = XCBuildConfiguration;
			buildSettings = {
				ASSETCATALOG_COMPILER_APPICON_NAME = AppIcon;
				ASSETCATALOG_COMPILER_GLOBAL_ACCENT_COLOR_NAME = AccentColor;
				CODE_SIGN_STYLE = Automatic;
				CURRENT_PROJECT_VERSION = 1;
				DEVELOPMENT_ASSET_PATHS = "\"PeepPeep/Preview Content\"";
				DEVELOPMENT_TEAM = 7C76V3X7AB;
				ENABLE_PREVIEWS = YES;
				GENERATE_INFOPLIST_FILE = YES;
				INFOPLIST_KEY_UIApplicationSceneManifest_Generation = YES;
				INFOPLIST_KEY_UIApplicationSupportsIndirectInputEvents = YES;
				INFOPLIST_KEY_UILaunchScreen_Generation = YES;
				INFOPLIST_KEY_UISupportedInterfaceOrientations_iPad = "UIInterfaceOrientationPortrait UIInterfaceOrientationPortraitUpsideDown UIInterfaceOrientationLandscapeLeft UIInterfaceOrientationLandscapeRight";
				INFOPLIST_KEY_UISupportedInterfaceOrientations_iPhone = "UIInterfaceOrientationPortrait UIInterfaceOrientationLandscapeLeft UIInterfaceOrientationLandscapeRight";
				LD_RUNPATH_SEARCH_PATHS = (
					"$(inherited)",
					"@executable_path/Frameworks",
				);
				MARKETING_VERSION = 1.0;
				PRODUCT_BUNDLE_IDENTIFIER = hajime.PeepPeep;
				PRODUCT_NAME = "$(TARGET_NAME)";
				SWIFT_EMIT_LOC_STRINGS = YES;
				SWIFT_VERSION = 5.0;
				TARGETED_DEVICE_FAMILY = "1,2";
			};
			name = Debug;
		};
		C91953F52A5E63400090E916 /* Release */ = {
			isa = XCBuildConfiguration;
			buildSettings = {
				ASSETCATALOG_COMPILER_APPICON_NAME = AppIcon;
				ASSETCATALOG_COMPILER_GLOBAL_ACCENT_COLOR_NAME = AccentColor;
				CODE_SIGN_STYLE = Automatic;
				CURRENT_PROJECT_VERSION = 1;
				DEVELOPMENT_ASSET_PATHS = "\"PeepPeep/Preview Content\"";
				DEVELOPMENT_TEAM = 7C76V3X7AB;
				ENABLE_PREVIEWS = YES;
				GENERATE_INFOPLIST_FILE = YES;
				INFOPLIST_KEY_UIApplicationSceneManifest_Generation = YES;
				INFOPLIST_KEY_UIApplicationSupportsIndirectInputEvents = YES;
				INFOPLIST_KEY_UILaunchScreen_Generation = YES;
				INFOPLIST_KEY_UISupportedInterfaceOrientations_iPad = "UIInterfaceOrientationPortrait UIInterfaceOrientationPortraitUpsideDown UIInterfaceOrientationLandscapeLeft UIInterfaceOrientationLandscapeRight";
				INFOPLIST_KEY_UISupportedInterfaceOrientations_iPhone = "UIInterfaceOrientationPortrait UIInterfaceOrientationLandscapeLeft UIInterfaceOrientationLandscapeRight";
				LD_RUNPATH_SEARCH_PATHS = (
					"$(inherited)",
					"@executable_path/Frameworks",
				);
				MARKETING_VERSION = 1.0;
				PRODUCT_BUNDLE_IDENTIFIER = hajime.PeepPeep;
				PRODUCT_NAME = "$(TARGET_NAME)";
				SWIFT_EMIT_LOC_STRINGS = YES;
				SWIFT_VERSION = 5.0;
				TARGETED_DEVICE_FAMILY = "1,2";
			};
			name = Release;
		};
/* End XCBuildConfiguration section */

/* Begin XCConfigurationList section */
		C91953E02A5E633F0090E916 /* Build configuration list for PBXProject "PeepPeep" */ = {
			isa = XCConfigurationList;
			buildConfigurations = (
				C91953F12A5E63400090E916 /* Debug */,
				C91953F22A5E63400090E916 /* Release */,
			);
			defaultConfigurationIsVisible = 0;
			defaultConfigurationName = Release;
		};
		C91953F32A5E63400090E916 /* Build configuration list for PBXNativeTarget "PeepPeep" */ = {
			isa = XCConfigurationList;
			buildConfigurations = (
				C91953F42A5E63400090E916 /* Debug */,
				C91953F52A5E63400090E916 /* Release */,
			);
			defaultConfigurationIsVisible = 0;
			defaultConfigurationName = Release;
		};
/* End XCConfigurationList section */
	};
	rootObject = C91953DD2A5E633F0090E916 /* Project object */;
}
