// !$*UTF8*$!
{
	archiveVersion = 1;
	classes = {
	};
	objectVersion = 56;
	objects = {

/* Begin PBXBuildFile section */
		32824F982A5E824C000DE3D4 /* WeeklyFeedBackView.swift in Sources */ = {isa = PBXBuildFile; fileRef = 32824F972A5E824C000DE3D4 /* WeeklyFeedBackView.swift */; };
		6765512B2A7010F800617638 /* HelperView.swift in Sources */ = {isa = PBXBuildFile; fileRef = 6765512A2A7010F800617638 /* HelperView.swift */; };
		6765512D2A70115000617638 /* MainActivityReport.swift in Sources */ = {isa = PBXBuildFile; fileRef = 6765512C2A70115000617638 /* MainActivityReport.swift */; };
		6765512F2A70118E00617638 /* MainActivityView.swift in Sources */ = {isa = PBXBuildFile; fileRef = 6765512E2A70118E00617638 /* MainActivityView.swift */; };
		676551312A7011C700617638 /* ChickStatusView.swift in Sources */ = {isa = PBXBuildFile; fileRef = 676551302A7011C700617638 /* ChickStatusView.swift */; };
		85DBE1DA2A70365C00AECFB5 /* SettingView.swift in Sources */ = {isa = PBXBuildFile; fileRef = 85DBE1D92A70365C00AECFB5 /* SettingView.swift */; };
		85DBE1DC2A7060FE00AECFB5 /* LoadingView.swift in Sources */ = {isa = PBXBuildFile; fileRef = 85DBE1DB2A7060FE00AECFB5 /* LoadingView.swift */; };
		C909C2B82A6803D300854575 /* Colors.swift in Sources */ = {isa = PBXBuildFile; fileRef = C91954062A5E63BE0090E916 /* Colors.swift */; };
		C909C2BA2A68106F00854575 /* Styles.swift in Sources */ = {isa = PBXBuildFile; fileRef = C91954082A5E63C50090E916 /* Styles.swift */; };
		C909C2BB2A68107200854575 /* EmptyComponents.swift in Sources */ = {isa = PBXBuildFile; fileRef = C96B03B62A5EA04F00B86493 /* EmptyComponents.swift */; };
		C909C2BC2A68107500854575 /* EmptyExtensions.swift in Sources */ = {isa = PBXBuildFile; fileRef = C96B03B92A5EA08C00B86493 /* EmptyExtensions.swift */; };
		C909C2BD2A68108300854575 /* EmptyUtils.swift in Sources */ = {isa = PBXBuildFile; fileRef = C96B03BB2A5EA0D600B86493 /* EmptyUtils.swift */; };
		C909C2C42A683B7100854575 /* Assets.xcassets in Resources */ = {isa = PBXBuildFile; fileRef = C909C2C32A683B7100854575 /* Assets.xcassets */; };
		C909C2C52A683B7100854575 /* Assets.xcassets in Resources */ = {isa = PBXBuildFile; fileRef = C909C2C32A683B7100854575 /* Assets.xcassets */; };
		C910C9B92A67D8A300EEF718 /* PeepPeepCommons.docc in Sources */ = {isa = PBXBuildFile; fileRef = C910C9B82A67D8A300EEF718 /* PeepPeepCommons.docc */; };
		C910C9BF2A67D8A300EEF718 /* PeepPeepCommons.framework in Frameworks */ = {isa = PBXBuildFile; fileRef = C910C9B52A67D8A300EEF718 /* PeepPeepCommons.framework */; };
		C910C9C72A67D8A300EEF718 /* PeepPeepCommons.h in Headers */ = {isa = PBXBuildFile; fileRef = C910C9B72A67D8A300EEF718 /* PeepPeepCommons.h */; settings = {ATTRIBUTES = (Public, ); }; };
		C910C9CA2A67D8A300EEF718 /* PeepPeepCommons.framework in Frameworks */ = {isa = PBXBuildFile; fileRef = C910C9B52A67D8A300EEF718 /* PeepPeepCommons.framework */; };
		C910C9CB2A67D8A300EEF718 /* PeepPeepCommons.framework in Embed Frameworks */ = {isa = PBXBuildFile; fileRef = C910C9B52A67D8A300EEF718 /* PeepPeepCommons.framework */; settings = {ATTRIBUTES = (CodeSignOnCopy, RemoveHeadersOnCopy, ); }; };
		C910C9D42A67D8FE00EEF718 /* PeepPeepCommons.framework in Frameworks */ = {isa = PBXBuildFile; fileRef = C910C9B52A67D8A300EEF718 /* PeepPeepCommons.framework */; };
		C910C9D52A67D8FE00EEF718 /* PeepPeepCommons.framework in Embed Frameworks */ = {isa = PBXBuildFile; fileRef = C910C9B52A67D8A300EEF718 /* PeepPeepCommons.framework */; settings = {ATTRIBUTES = (CodeSignOnCopy, RemoveHeadersOnCopy, ); }; };
		C910C9DA2A67DA1200EEF718 /* TimeInterval+.swift in Sources */ = {isa = PBXBuildFile; fileRef = C910C9D92A67DA1200EEF718 /* TimeInterval+.swift */; };
		C91953E92A5E633F0090E916 /* PeepPeepApp.swift in Sources */ = {isa = PBXBuildFile; fileRef = C91953E82A5E633F0090E916 /* PeepPeepApp.swift */; };
		C91953EB2A5E633F0090E916 /* ContentView.swift in Sources */ = {isa = PBXBuildFile; fileRef = C91953EA2A5E633F0090E916 /* ContentView.swift */; };
		C91953F02A5E63400090E916 /* Preview Assets.xcassets in Resources */ = {isa = PBXBuildFile; fileRef = C91953EF2A5E63400090E916 /* Preview Assets.xcassets */; };
		C91953F72A5E63500090E916 /* AppDelegate.swift in Sources */ = {isa = PBXBuildFile; fileRef = C91953F62A5E63500090E916 /* AppDelegate.swift */; };
		C9242BD82A64D78D000ECECF /* DeviceActivityExtension.swift in Sources */ = {isa = PBXBuildFile; fileRef = C9242BD72A64D78D000ECECF /* DeviceActivityExtension.swift */; };
		C9242BDA2A64D78D000ECECF /* TotalActivityViewModel.swift in Sources */ = {isa = PBXBuildFile; fileRef = C9242BD92A64D78D000ECECF /* TotalActivityViewModel.swift */; };
		C9242BDC2A64D78D000ECECF /* TotalActivityView.swift in Sources */ = {isa = PBXBuildFile; fileRef = C9242BDB2A64D78D000ECECF /* TotalActivityView.swift */; };
		C9242BE12A64D78D000ECECF /* DeviceActivityReportExtension.appex in Embed ExtensionKit Extensions */ = {isa = PBXBuildFile; fileRef = C9242BD52A64D78D000ECECF /* DeviceActivityReportExtension.appex */; settings = {ATTRIBUTES = (RemoveHeadersOnCopy, ); }; };
		C9242BE72A64D80D000ECECF /* ActivitySummaryView.swift in Sources */ = {isa = PBXBuildFile; fileRef = C9242BE62A64D80D000ECECF /* ActivitySummaryView.swift */; };
		C94C2EDA2A5EBC5200D93A4C /* FinalReportView.swift in Sources */ = {isa = PBXBuildFile; fileRef = 32824F9A2A5E82A4000DE3D4 /* FinalReportView.swift */; };
		C94C2EDB2A5EBCE100D93A4C /* DailyFeedBackView.swift in Sources */ = {isa = PBXBuildFile; fileRef = 32824F992A5E8281000DE3D4 /* DailyFeedBackView.swift */; };
		C96B03A52A5E9F6300B86493 /* EmptyModel.swift in Sources */ = {isa = PBXBuildFile; fileRef = C96B03A42A5E9F6300B86493 /* EmptyModel.swift */; };
		C96B03AA2A5E9F8B00B86493 /* EmptyViewModel.swift in Sources */ = {isa = PBXBuildFile; fileRef = C96B03A92A5E9F8B00B86493 /* EmptyViewModel.swift */; };
		C96B03B52A5EA03200B86493 /* WidgetVIew.swift in Sources */ = {isa = PBXBuildFile; fileRef = C96B03B42A5EA03200B86493 /* WidgetVIew.swift */; };
		C96B03BE2A5EA0E600B86493 /* MainView.swift in Sources */ = {isa = PBXBuildFile; fileRef = C96B03BD2A5EA0E600B86493 /* MainView.swift */; };
		C96B03C02A5EA10100B86493 /* SplashView.swift in Sources */ = {isa = PBXBuildFile; fileRef = C96B03BF2A5EA10100B86493 /* SplashView.swift */; };
		C96B03C42A5EA16B00B86493 /* CostumesBookView.swift in Sources */ = {isa = PBXBuildFile; fileRef = C96B03C32A5EA16B00B86493 /* CostumesBookView.swift */; };
		C9713FC52A65389F00589A1C /* EmptyModel.swift in Sources */ = {isa = PBXBuildFile; fileRef = C9713FC42A65389F00589A1C /* EmptyModel.swift */; };
		C9713FC82A6538B300589A1C /* EmptyViewModel.swift in Sources */ = {isa = PBXBuildFile; fileRef = C9713FC72A6538B300589A1C /* EmptyViewModel.swift */; };
		C9713FE52A6593E400589A1C /* SplashView.swift in Sources */ = {isa = PBXBuildFile; fileRef = C9713FE42A6593E400589A1C /* SplashView.swift */; };
		C9713FE92A65942600589A1C /* DailyFeedBackView.swift in Sources */ = {isa = PBXBuildFile; fileRef = C9713FE82A65942600589A1C /* DailyFeedBackView.swift */; };
		C9713FEB2A65943200589A1C /* WeeklyFeedBackView.swift in Sources */ = {isa = PBXBuildFile; fileRef = C9713FEA2A65943200589A1C /* WeeklyFeedBackView.swift */; };
		C9713FED2A65943D00589A1C /* FinalReportView.swift in Sources */ = {isa = PBXBuildFile; fileRef = C9713FEC2A65943D00589A1C /* FinalReportView.swift */; };
		C9713FEF2A65944C00589A1C /* CostumeBookView.swift in Sources */ = {isa = PBXBuildFile; fileRef = C9713FEE2A65944C00589A1C /* CostumeBookView.swift */; };
		C992F9B02A5E6C600050EBD1 /* .swiftlint.yml in Resources */ = {isa = PBXBuildFile; fileRef = C992F9AF2A5E6C600050EBD1 /* .swiftlint.yml */; };
		C9DFECD02A7159A9003190FD /* FontManager.swift in Sources */ = {isa = PBXBuildFile; fileRef = C9DFECCF2A7159A9003190FD /* FontManager.swift */; };
		C9DFECD22A7159C6003190FD /* DOSSaemmul.ttf in Resources */ = {isa = PBXBuildFile; fileRef = C9DFECD12A7159C6003190FD /* DOSSaemmul.ttf */; };
		C9DFECDA2A715BB2003190FD /* Chick.swift in Sources */ = {isa = PBXBuildFile; fileRef = C9DFECD92A715BB2003190FD /* Chick.swift */; };
		C9DFECDC2A715BF0003190FD /* ScreenTimeAppSelectionViewModel.swift in Sources */ = {isa = PBXBuildFile; fileRef = C9DFECDB2A715BF0003190FD /* ScreenTimeAppSelectionViewModel.swift */; };
		C9DFECDE2A715C6B003190FD /* ChickNamingView.swift in Sources */ = {isa = PBXBuildFile; fileRef = C9DFECDD2A715C6B003190FD /* ChickNamingView.swift */; };
		C9DFECE02A715C9A003190FD /* ProgressBar.swift in Sources */ = {isa = PBXBuildFile; fileRef = C9DFECDF2A715C9A003190FD /* ProgressBar.swift */; };
		C9DFECE22A715CD0003190FD /* ScreenTimeRequestView.swift in Sources */ = {isa = PBXBuildFile; fileRef = C9DFECE12A715CD0003190FD /* ScreenTimeRequestView.swift */; };
		C9DFECE62A715EF6003190FD /* BackButton.swift in Sources */ = {isa = PBXBuildFile; fileRef = C9DFECE52A715EF6003190FD /* BackButton.swift */; };
		C9DFECE82A715F1F003190FD /* CustomSpacer.swift in Sources */ = {isa = PBXBuildFile; fileRef = C9DFECE72A715F1F003190FD /* CustomSpacer.swift */; };
		C9DFECE92A716024003190FD /* ChickNamingVIewModel.swift in Sources */ = {isa = PBXBuildFile; fileRef = C9DFECE32A715EBF003190FD /* ChickNamingVIewModel.swift */; };
		C9DFECEB2A716169003190FD /* ActivityReportModels.swift in Sources */ = {isa = PBXBuildFile; fileRef = C909C2BE2A68379700854575 /* ActivityReportModels.swift */; };
		C9DFECED2A716211003190FD /* TimeSettingView.swift in Sources */ = {isa = PBXBuildFile; fileRef = C9DFECEC2A716211003190FD /* TimeSettingView.swift */; };
		C9DFECEE2A71638D003190FD /* PieChartView.swift in Sources */ = {isa = PBXBuildFile; fileRef = C9DFECD52A715B1C003190FD /* PieChartView.swift */; };
		C9DFECEF2A716974003190FD /* DOSSaemmul.ttf in Resources */ = {isa = PBXBuildFile; fileRef = C9DFECD12A7159C6003190FD /* DOSSaemmul.ttf */; };
		C9DFECF02A716975003190FD /* DOSSaemmul.ttf in Resources */ = {isa = PBXBuildFile; fileRef = C9DFECD12A7159C6003190FD /* DOSSaemmul.ttf */; };
		C9DFECF62A72EBCA003190FD /* ScreenTimeAppSelection.swift in Sources */ = {isa = PBXBuildFile; fileRef = C9DFECF52A72EBCA003190FD /* ScreenTimeAppSelection.swift */; };
		C9DFECF82A73D6FF003190FD /* TimeIntervalFormatter.swift in Sources */ = {isa = PBXBuildFile; fileRef = C9DFECF72A73D6FF003190FD /* TimeIntervalFormatter.swift */; };
/* End PBXBuildFile section */

/* Begin PBXContainerItemProxy section */
		C910C9C02A67D8A300EEF718 /* PBXContainerItemProxy */ = {
			isa = PBXContainerItemProxy;
			containerPortal = C91953DD2A5E633F0090E916 /* Project object */;
			proxyType = 1;
			remoteGlobalIDString = C910C9B42A67D8A300EEF718;
			remoteInfo = PeepPeepCommons;
		};
		C910C9C22A67D8A300EEF718 /* PBXContainerItemProxy */ = {
			isa = PBXContainerItemProxy;
			containerPortal = C91953DD2A5E633F0090E916 /* Project object */;
			proxyType = 1;
			remoteGlobalIDString = C91953E42A5E633F0090E916;
			remoteInfo = PeepPeep;
		};
		C910C9C82A67D8A300EEF718 /* PBXContainerItemProxy */ = {
			isa = PBXContainerItemProxy;
			containerPortal = C91953DD2A5E633F0090E916 /* Project object */;
			proxyType = 1;
			remoteGlobalIDString = C910C9B42A67D8A300EEF718;
			remoteInfo = PeepPeepCommons;
		};
		C910C9D62A67D8FE00EEF718 /* PBXContainerItemProxy */ = {
			isa = PBXContainerItemProxy;
			containerPortal = C91953DD2A5E633F0090E916 /* Project object */;
			proxyType = 1;
			remoteGlobalIDString = C910C9B42A67D8A300EEF718;
			remoteInfo = PeepPeepCommons;
		};
		C9242BDF2A64D78D000ECECF /* PBXContainerItemProxy */ = {
			isa = PBXContainerItemProxy;
			containerPortal = C91953DD2A5E633F0090E916 /* Project object */;
			proxyType = 1;
			remoteGlobalIDString = C9242BD42A64D78D000ECECF;
			remoteInfo = FeedBack;
		};
/* End PBXContainerItemProxy section */

/* Begin PBXCopyFilesBuildPhase section */
		C910C9CF2A67D8A300EEF718 /* Embed Frameworks */ = {
			isa = PBXCopyFilesBuildPhase;
			buildActionMask = 2147483647;
			dstPath = "";
			dstSubfolderSpec = 10;
			files = (
				C910C9CB2A67D8A300EEF718 /* PeepPeepCommons.framework in Embed Frameworks */,
			);
			name = "Embed Frameworks";
			runOnlyForDeploymentPostprocessing = 0;
		};
		C910C9D82A67D8FE00EEF718 /* Embed Frameworks */ = {
			isa = PBXCopyFilesBuildPhase;
			buildActionMask = 2147483647;
			dstPath = "";
			dstSubfolderSpec = 10;
			files = (
				C910C9D52A67D8FE00EEF718 /* PeepPeepCommons.framework in Embed Frameworks */,
			);
			name = "Embed Frameworks";
			runOnlyForDeploymentPostprocessing = 0;
		};
		C9242BE52A64D78D000ECECF /* Embed ExtensionKit Extensions */ = {
			isa = PBXCopyFilesBuildPhase;
			buildActionMask = 2147483647;
			dstPath = "$(EXTENSIONS_FOLDER_PATH)";
			dstSubfolderSpec = 16;
			files = (
				C9242BE12A64D78D000ECECF /* DeviceActivityReportExtension.appex in Embed ExtensionKit Extensions */,
			);
			name = "Embed ExtensionKit Extensions";
			runOnlyForDeploymentPostprocessing = 0;
		};
/* End PBXCopyFilesBuildPhase section */

/* Begin PBXFileReference section */
		32824F972A5E824C000DE3D4 /* WeeklyFeedBackView.swift */ = {isa = PBXFileReference; lastKnownFileType = sourcecode.swift; name = WeeklyFeedBackView.swift; path = PeepPeep/View/WeeklyFeedBack/WeeklyFeedBackView.swift; sourceTree = SOURCE_ROOT; };
		32824F992A5E8281000DE3D4 /* DailyFeedBackView.swift */ = {isa = PBXFileReference; lastKnownFileType = sourcecode.swift; name = DailyFeedBackView.swift; path = PeepPeep/View/DailyFeedBack/DailyFeedBackView.swift; sourceTree = SOURCE_ROOT; };
		32824F9A2A5E82A4000DE3D4 /* FinalReportView.swift */ = {isa = PBXFileReference; lastKnownFileType = sourcecode.swift; name = FinalReportView.swift; path = PeepPeep/View/FinalReport/FinalReportView.swift; sourceTree = SOURCE_ROOT; };
		6765512A2A7010F800617638 /* HelperView.swift */ = {isa = PBXFileReference; lastKnownFileType = sourcecode.swift; path = HelperView.swift; sourceTree = "<group>"; };
		6765512C2A70115000617638 /* MainActivityReport.swift */ = {isa = PBXFileReference; lastKnownFileType = sourcecode.swift; path = MainActivityReport.swift; sourceTree = "<group>"; };
		6765512E2A70118E00617638 /* MainActivityView.swift */ = {isa = PBXFileReference; lastKnownFileType = sourcecode.swift; path = MainActivityView.swift; sourceTree = "<group>"; };
		676551302A7011C700617638 /* ChickStatusView.swift */ = {isa = PBXFileReference; lastKnownFileType = sourcecode.swift; path = ChickStatusView.swift; sourceTree = "<group>"; };
		85DBE1D92A70365C00AECFB5 /* SettingView.swift */ = {isa = PBXFileReference; lastKnownFileType = sourcecode.swift; path = SettingView.swift; sourceTree = "<group>"; };
		85DBE1DB2A7060FE00AECFB5 /* LoadingView.swift */ = {isa = PBXFileReference; lastKnownFileType = sourcecode.swift; path = LoadingView.swift; sourceTree = "<group>"; };
		C909C2BE2A68379700854575 /* ActivityReportModels.swift */ = {isa = PBXFileReference; lastKnownFileType = sourcecode.swift; path = ActivityReportModels.swift; sourceTree = "<group>"; };
		C909C2C32A683B7100854575 /* Assets.xcassets */ = {isa = PBXFileReference; lastKnownFileType = folder.assetcatalog; path = Assets.xcassets; sourceTree = SOURCE_ROOT; };
		C910C9B52A67D8A300EEF718 /* PeepPeepCommons.framework */ = {isa = PBXFileReference; explicitFileType = wrapper.framework; includeInIndex = 0; path = PeepPeepCommons.framework; sourceTree = BUILT_PRODUCTS_DIR; };
		C910C9B72A67D8A300EEF718 /* PeepPeepCommons.h */ = {isa = PBXFileReference; lastKnownFileType = sourcecode.c.h; path = PeepPeepCommons.h; sourceTree = "<group>"; };
		C910C9B82A67D8A300EEF718 /* PeepPeepCommons.docc */ = {isa = PBXFileReference; lastKnownFileType = folder.documentationcatalog; path = PeepPeepCommons.docc; sourceTree = "<group>"; };
		C910C9BE2A67D8A300EEF718 /* PeepPeepCommonsTests.xctest */ = {isa = PBXFileReference; explicitFileType = wrapper.cfbundle; includeInIndex = 0; path = PeepPeepCommonsTests.xctest; sourceTree = BUILT_PRODUCTS_DIR; };
		C910C9D92A67DA1200EEF718 /* TimeInterval+.swift */ = {isa = PBXFileReference; lastKnownFileType = sourcecode.swift; path = "TimeInterval+.swift"; sourceTree = "<group>"; };
		C91953E52A5E633F0090E916 /* PeepPeep.app */ = {isa = PBXFileReference; explicitFileType = wrapper.application; includeInIndex = 0; path = PeepPeep.app; sourceTree = BUILT_PRODUCTS_DIR; };
		C91953E82A5E633F0090E916 /* PeepPeepApp.swift */ = {isa = PBXFileReference; lastKnownFileType = sourcecode.swift; path = PeepPeepApp.swift; sourceTree = "<group>"; };
		C91953EA2A5E633F0090E916 /* ContentView.swift */ = {isa = PBXFileReference; lastKnownFileType = sourcecode.swift; path = ContentView.swift; sourceTree = "<group>"; };
		C91953EF2A5E63400090E916 /* Preview Assets.xcassets */ = {isa = PBXFileReference; lastKnownFileType = folder.assetcatalog; path = "Preview Assets.xcassets"; sourceTree = "<group>"; };
		C91953F62A5E63500090E916 /* AppDelegate.swift */ = {isa = PBXFileReference; lastKnownFileType = sourcecode.swift; path = AppDelegate.swift; sourceTree = "<group>"; };
		C91954062A5E63BE0090E916 /* Colors.swift */ = {isa = PBXFileReference; lastKnownFileType = sourcecode.swift; path = Colors.swift; sourceTree = "<group>"; };
		C91954082A5E63C50090E916 /* Styles.swift */ = {isa = PBXFileReference; lastKnownFileType = sourcecode.swift; path = Styles.swift; sourceTree = "<group>"; };
		C9242BD02A64D6BE000ECECF /* PeepPeep.entitlements */ = {isa = PBXFileReference; lastKnownFileType = text.plist.entitlements; path = PeepPeep.entitlements; sourceTree = "<group>"; };
		C9242BD52A64D78D000ECECF /* DeviceActivityReportExtension.appex */ = {isa = PBXFileReference; explicitFileType = "wrapper.extensionkit-extension"; includeInIndex = 0; path = DeviceActivityReportExtension.appex; sourceTree = BUILT_PRODUCTS_DIR; };
		C9242BD72A64D78D000ECECF /* DeviceActivityExtension.swift */ = {isa = PBXFileReference; lastKnownFileType = sourcecode.swift; path = DeviceActivityExtension.swift; sourceTree = "<group>"; };
		C9242BD92A64D78D000ECECF /* TotalActivityViewModel.swift */ = {isa = PBXFileReference; lastKnownFileType = sourcecode.swift; path = TotalActivityViewModel.swift; sourceTree = "<group>"; };
		C9242BDB2A64D78D000ECECF /* TotalActivityView.swift */ = {isa = PBXFileReference; lastKnownFileType = sourcecode.swift; path = TotalActivityView.swift; sourceTree = "<group>"; };
		C9242BDD2A64D78D000ECECF /* Info.plist */ = {isa = PBXFileReference; lastKnownFileType = text.plist.xml; path = Info.plist; sourceTree = "<group>"; };
		C9242BDE2A64D78D000ECECF /* DeviceActivityReportExtension.entitlements */ = {isa = PBXFileReference; lastKnownFileType = text.plist.entitlements; path = DeviceActivityReportExtension.entitlements; sourceTree = "<group>"; };
		C9242BE62A64D80D000ECECF /* ActivitySummaryView.swift */ = {isa = PBXFileReference; lastKnownFileType = sourcecode.swift; path = ActivitySummaryView.swift; sourceTree = "<group>"; };
		C96B03A42A5E9F6300B86493 /* EmptyModel.swift */ = {isa = PBXFileReference; lastKnownFileType = sourcecode.swift; path = EmptyModel.swift; sourceTree = "<group>"; };
		C96B03A92A5E9F8B00B86493 /* EmptyViewModel.swift */ = {isa = PBXFileReference; lastKnownFileType = sourcecode.swift; path = EmptyViewModel.swift; sourceTree = "<group>"; };
		C96B03B42A5EA03200B86493 /* WidgetVIew.swift */ = {isa = PBXFileReference; lastKnownFileType = sourcecode.swift; path = WidgetVIew.swift; sourceTree = "<group>"; };
		C96B03B62A5EA04F00B86493 /* EmptyComponents.swift */ = {isa = PBXFileReference; lastKnownFileType = sourcecode.swift; path = EmptyComponents.swift; sourceTree = "<group>"; };
		C96B03B92A5EA08C00B86493 /* EmptyExtensions.swift */ = {isa = PBXFileReference; lastKnownFileType = sourcecode.swift; path = EmptyExtensions.swift; sourceTree = "<group>"; };
		C96B03BB2A5EA0D600B86493 /* EmptyUtils.swift */ = {isa = PBXFileReference; lastKnownFileType = sourcecode.swift; path = EmptyUtils.swift; sourceTree = "<group>"; };
		C96B03BD2A5EA0E600B86493 /* MainView.swift */ = {isa = PBXFileReference; lastKnownFileType = sourcecode.swift; path = MainView.swift; sourceTree = "<group>"; };
		C96B03BF2A5EA10100B86493 /* SplashView.swift */ = {isa = PBXFileReference; lastKnownFileType = sourcecode.swift; path = SplashView.swift; sourceTree = "<group>"; };
		C96B03C32A5EA16B00B86493 /* CostumesBookView.swift */ = {isa = PBXFileReference; lastKnownFileType = sourcecode.swift; name = CostumesBookView.swift; path = PeepPeep/View/CostumeBook/CostumesBookView.swift; sourceTree = SOURCE_ROOT; };
		C9713FC42A65389F00589A1C /* EmptyModel.swift */ = {isa = PBXFileReference; lastKnownFileType = sourcecode.swift; path = EmptyModel.swift; sourceTree = "<group>"; };
		C9713FC72A6538B300589A1C /* EmptyViewModel.swift */ = {isa = PBXFileReference; lastKnownFileType = sourcecode.swift; path = EmptyViewModel.swift; sourceTree = "<group>"; };
		C9713FE42A6593E400589A1C /* SplashView.swift */ = {isa = PBXFileReference; lastKnownFileType = sourcecode.swift; path = SplashView.swift; sourceTree = "<group>"; };
		C9713FE82A65942600589A1C /* DailyFeedBackView.swift */ = {isa = PBXFileReference; lastKnownFileType = sourcecode.swift; path = DailyFeedBackView.swift; sourceTree = "<group>"; };
		C9713FEA2A65943200589A1C /* WeeklyFeedBackView.swift */ = {isa = PBXFileReference; lastKnownFileType = sourcecode.swift; path = WeeklyFeedBackView.swift; sourceTree = "<group>"; };
		C9713FEC2A65943D00589A1C /* FinalReportView.swift */ = {isa = PBXFileReference; lastKnownFileType = sourcecode.swift; path = FinalReportView.swift; sourceTree = "<group>"; };
		C9713FEE2A65944C00589A1C /* CostumeBookView.swift */ = {isa = PBXFileReference; lastKnownFileType = sourcecode.swift; path = CostumeBookView.swift; sourceTree = "<group>"; };
		C992F9AF2A5E6C600050EBD1 /* .swiftlint.yml */ = {isa = PBXFileReference; lastKnownFileType = text.yaml; path = .swiftlint.yml; sourceTree = "<group>"; };
		C9DFECCF2A7159A9003190FD /* FontManager.swift */ = {isa = PBXFileReference; lastKnownFileType = sourcecode.swift; path = FontManager.swift; sourceTree = "<group>"; };
		C9DFECD12A7159C6003190FD /* DOSSaemmul.ttf */ = {isa = PBXFileReference; lastKnownFileType = file; path = DOSSaemmul.ttf; sourceTree = "<group>"; };
		C9DFECD32A7159F2003190FD /* Info.plist */ = {isa = PBXFileReference; lastKnownFileType = text.plist; path = Info.plist; sourceTree = "<group>"; };
		C9DFECD42A715A8F003190FD /* Info.plist */ = {isa = PBXFileReference; lastKnownFileType = text.plist; path = Info.plist; sourceTree = "<group>"; };
		C9DFECD52A715B1C003190FD /* PieChartView.swift */ = {isa = PBXFileReference; lastKnownFileType = sourcecode.swift; path = PieChartView.swift; sourceTree = "<group>"; };
		C9DFECD92A715BB2003190FD /* Chick.swift */ = {isa = PBXFileReference; lastKnownFileType = sourcecode.swift; path = Chick.swift; sourceTree = "<group>"; };
		C9DFECDB2A715BF0003190FD /* ScreenTimeAppSelectionViewModel.swift */ = {isa = PBXFileReference; lastKnownFileType = sourcecode.swift; path = ScreenTimeAppSelectionViewModel.swift; sourceTree = "<group>"; };
		C9DFECDD2A715C6B003190FD /* ChickNamingView.swift */ = {isa = PBXFileReference; lastKnownFileType = sourcecode.swift; path = ChickNamingView.swift; sourceTree = "<group>"; };
		C9DFECDF2A715C9A003190FD /* ProgressBar.swift */ = {isa = PBXFileReference; lastKnownFileType = sourcecode.swift; path = ProgressBar.swift; sourceTree = "<group>"; };
		C9DFECE12A715CD0003190FD /* ScreenTimeRequestView.swift */ = {isa = PBXFileReference; lastKnownFileType = sourcecode.swift; path = ScreenTimeRequestView.swift; sourceTree = "<group>"; };
		C9DFECE32A715EBF003190FD /* ChickNamingVIewModel.swift */ = {isa = PBXFileReference; lastKnownFileType = sourcecode.swift; path = ChickNamingVIewModel.swift; sourceTree = "<group>"; };
		C9DFECE52A715EF6003190FD /* BackButton.swift */ = {isa = PBXFileReference; lastKnownFileType = sourcecode.swift; path = BackButton.swift; sourceTree = "<group>"; };
		C9DFECE72A715F1F003190FD /* CustomSpacer.swift */ = {isa = PBXFileReference; lastKnownFileType = sourcecode.swift; path = CustomSpacer.swift; sourceTree = "<group>"; };
		C9DFECEC2A716211003190FD /* TimeSettingView.swift */ = {isa = PBXFileReference; lastKnownFileType = sourcecode.swift; path = TimeSettingView.swift; sourceTree = "<group>"; };
		C9DFECF52A72EBCA003190FD /* ScreenTimeAppSelection.swift */ = {isa = PBXFileReference; lastKnownFileType = sourcecode.swift; path = ScreenTimeAppSelection.swift; sourceTree = "<group>"; };
		C9DFECF72A73D6FF003190FD /* TimeIntervalFormatter.swift */ = {isa = PBXFileReference; lastKnownFileType = sourcecode.swift; path = TimeIntervalFormatter.swift; sourceTree = "<group>"; };
/* End PBXFileReference section */

/* Begin PBXFrameworksBuildPhase section */
		C910C9B22A67D8A300EEF718 /* Frameworks */ = {
			isa = PBXFrameworksBuildPhase;
			buildActionMask = 2147483647;
			files = (
			);
			runOnlyForDeploymentPostprocessing = 0;
		};
		C910C9BB2A67D8A300EEF718 /* Frameworks */ = {
			isa = PBXFrameworksBuildPhase;
			buildActionMask = 2147483647;
			files = (
				C910C9BF2A67D8A300EEF718 /* PeepPeepCommons.framework in Frameworks */,
			);
			runOnlyForDeploymentPostprocessing = 0;
		};
		C91953E22A5E633F0090E916 /* Frameworks */ = {
			isa = PBXFrameworksBuildPhase;
			buildActionMask = 2147483647;
			files = (
				C910C9CA2A67D8A300EEF718 /* PeepPeepCommons.framework in Frameworks */,
			);
			runOnlyForDeploymentPostprocessing = 0;
		};
		C9242BD22A64D78D000ECECF /* Frameworks */ = {
			isa = PBXFrameworksBuildPhase;
			buildActionMask = 2147483647;
			files = (
				C910C9D42A67D8FE00EEF718 /* PeepPeepCommons.framework in Frameworks */,
			);
			runOnlyForDeploymentPostprocessing = 0;
		};
/* End PBXFrameworksBuildPhase section */

/* Begin PBXGroup section */
		85DBE1D82A70363F00AECFB5 /* Setting */ = {
			isa = PBXGroup;
			children = (
				85DBE1D92A70365C00AECFB5 /* SettingView.swift */,
			);
			path = Setting;
			sourceTree = "<group>";
		};
		C910C9B62A67D8A300EEF718 /* PeepPeepCommons */ = {
			isa = PBXGroup;
			children = (
				C9DFECD42A715A8F003190FD /* Info.plist */,
				C9DFECCE2A71599C003190FD /* Fonts */,
				C91954052A5E63B40090E916 /* Themes */,
				C919540C2A5E63D70090E916 /* Components */,
				C919540B2A5E63CE0090E916 /* Extensions */,
				C919540A2A5E63CA0090E916 /* Utils */,
				C910C9B72A67D8A300EEF718 /* PeepPeepCommons.h */,
				C910C9B82A67D8A300EEF718 /* PeepPeepCommons.docc */,
			);
			path = PeepPeepCommons;
			sourceTree = "<group>";
		};
		C910C9D32A67D8FE00EEF718 /* Frameworks */ = {
			isa = PBXGroup;
			children = (
			);
			name = Frameworks;
			sourceTree = "<group>";
		};
		C91953DC2A5E633F0090E916 = {
			isa = PBXGroup;
			children = (
				C909C2C32A683B7100854575 /* Assets.xcassets */,
				C992F9AF2A5E6C600050EBD1 /* .swiftlint.yml */,
				C91953E72A5E633F0090E916 /* PeepPeep */,
				C9242BD62A64D78D000ECECF /* DeviceActivityReportExtension */,
				C910C9B62A67D8A300EEF718 /* PeepPeepCommons */,
				C91953E62A5E633F0090E916 /* Products */,
				C910C9D32A67D8FE00EEF718 /* Frameworks */,
			);
			sourceTree = "<group>";
		};
		C91953E62A5E633F0090E916 /* Products */ = {
			isa = PBXGroup;
			children = (
				C91953E52A5E633F0090E916 /* PeepPeep.app */,
				C9242BD52A64D78D000ECECF /* DeviceActivityReportExtension.appex */,
				C910C9B52A67D8A300EEF718 /* PeepPeepCommons.framework */,
				C910C9BE2A67D8A300EEF718 /* PeepPeepCommonsTests.xctest */,
			);
			name = Products;
			sourceTree = "<group>";
		};
		C91953E72A5E633F0090E916 /* PeepPeep */ = {
			isa = PBXGroup;
			children = (
				C9DFECD32A7159F2003190FD /* Info.plist */,
				C9242BD02A64D6BE000ECECF /* PeepPeep.entitlements */,
				C91953F62A5E63500090E916 /* AppDelegate.swift */,
				C91953E82A5E633F0090E916 /* PeepPeepApp.swift */,
				C91953EA2A5E633F0090E916 /* ContentView.swift */,
				C91953F82A5E63560090E916 /* Model */,
				C91954032A5E63AB0090E916 /* ViewModel */,
				C91953FA2A5E63630090E916 /* View */,
				C91953EE2A5E63400090E916 /* Preview Content */,
			);
			path = PeepPeep;
			sourceTree = "<group>";
		};
		C91953EE2A5E63400090E916 /* Preview Content */ = {
			isa = PBXGroup;
			children = (
				C91953EF2A5E63400090E916 /* Preview Assets.xcassets */,
			);
			path = "Preview Content";
			sourceTree = "<group>";
		};
		C91953F82A5E63560090E916 /* Model */ = {
			isa = PBXGroup;
			children = (
				C96B03A42A5E9F6300B86493 /* EmptyModel.swift */,
				C9DFECD92A715BB2003190FD /* Chick.swift */,
				C9DFECF52A72EBCA003190FD /* ScreenTimeAppSelection.swift */,
			);
			path = Model;
			sourceTree = "<group>";
		};
		C91953FA2A5E63630090E916 /* View */ = {
			isa = PBXGroup;
			children = (
				85DBE1D82A70363F00AECFB5 /* Setting */,
				C91954022A5E63A20090E916 /* SplashScreen */,
				C91954012A5E63990090E916 /* InitialSetupScreen */,
				C91954002A5E63920090E916 /* MainScreen */,
				C91953FF2A5E638A0090E916 /* DailyFeedBack */,
				C91953FE2A5E637F0090E916 /* WeeklyFeedBack */,
				C91953FD2A5E63780090E916 /* FinalReport */,
				C91953FC2A5E63710090E916 /* CostumeBook */,
				C96B03B32A5EA01C00B86493 /* Widget */,
			);
			path = View;
			sourceTree = "<group>";
		};
		C91953FC2A5E63710090E916 /* CostumeBook */ = {
			isa = PBXGroup;
			children = (
				C96B03C32A5EA16B00B86493 /* CostumesBookView.swift */,
			);
			path = CostumeBook;
			sourceTree = "<group>";
		};
		C91953FD2A5E63780090E916 /* FinalReport */ = {
			isa = PBXGroup;
			children = (
				32824F9A2A5E82A4000DE3D4 /* FinalReportView.swift */,
			);
			path = FinalReport;
			sourceTree = "<group>";
		};
		C91953FE2A5E637F0090E916 /* WeeklyFeedBack */ = {
			isa = PBXGroup;
			children = (
				32824F972A5E824C000DE3D4 /* WeeklyFeedBackView.swift */,
			);
			path = WeeklyFeedBack;
			sourceTree = "<group>";
		};
		C91953FF2A5E638A0090E916 /* DailyFeedBack */ = {
			isa = PBXGroup;
			children = (
				32824F992A5E8281000DE3D4 /* DailyFeedBackView.swift */,
			);
			path = DailyFeedBack;
			sourceTree = "<group>";
		};
		C91954002A5E63920090E916 /* MainScreen */ = {
			isa = PBXGroup;
			children = (
				C96B03BD2A5EA0E600B86493 /* MainView.swift */,
				6765512A2A7010F800617638 /* HelperView.swift */,
			);
			path = MainScreen;
			sourceTree = "<group>";
		};
		C91954012A5E63990090E916 /* InitialSetupScreen */ = {
			isa = PBXGroup;
			children = (
				C9242BE62A64D80D000ECECF /* ActivitySummaryView.swift */,
				C9DFECDD2A715C6B003190FD /* ChickNamingView.swift */,
				C9DFECDF2A715C9A003190FD /* ProgressBar.swift */,
				C9DFECE12A715CD0003190FD /* ScreenTimeRequestView.swift */,
				C9DFECEC2A716211003190FD /* TimeSettingView.swift */,
			);
			path = InitialSetupScreen;
			sourceTree = "<group>";
		};
		C91954022A5E63A20090E916 /* SplashScreen */ = {
			isa = PBXGroup;
			children = (
				C96B03BF2A5EA10100B86493 /* SplashView.swift */,
				85DBE1DB2A7060FE00AECFB5 /* LoadingView.swift */,
			);
			path = SplashScreen;
			sourceTree = "<group>";
		};
		C91954032A5E63AB0090E916 /* ViewModel */ = {
			isa = PBXGroup;
			children = (
				C9DFECE32A715EBF003190FD /* ChickNamingVIewModel.swift */,
				C9DFECDB2A715BF0003190FD /* ScreenTimeAppSelectionViewModel.swift */,
				C96B03A92A5E9F8B00B86493 /* EmptyViewModel.swift */,
			);
			path = ViewModel;
			sourceTree = "<group>";
		};
		C91954052A5E63B40090E916 /* Themes */ = {
			isa = PBXGroup;
			children = (
				C91954062A5E63BE0090E916 /* Colors.swift */,
				C91954082A5E63C50090E916 /* Styles.swift */,
			);
			path = Themes;
			sourceTree = "<group>";
		};
		C919540A2A5E63CA0090E916 /* Utils */ = {
			isa = PBXGroup;
			children = (
				C96B03BB2A5EA0D600B86493 /* EmptyUtils.swift */,
				C9DFECF72A73D6FF003190FD /* TimeIntervalFormatter.swift */,
			);
			path = Utils;
			sourceTree = "<group>";
		};
		C919540B2A5E63CE0090E916 /* Extensions */ = {
			isa = PBXGroup;
			children = (
				C96B03B92A5EA08C00B86493 /* EmptyExtensions.swift */,
				C910C9D92A67DA1200EEF718 /* TimeInterval+.swift */,
			);
			path = Extensions;
			sourceTree = "<group>";
		};
		C919540C2A5E63D70090E916 /* Components */ = {
			isa = PBXGroup;
			children = (
				C96B03B62A5EA04F00B86493 /* EmptyComponents.swift */,
				C9DFECE52A715EF6003190FD /* BackButton.swift */,
				C9DFECE72A715F1F003190FD /* CustomSpacer.swift */,
			);
			path = Components;
			sourceTree = "<group>";
		};
		C9242BD62A64D78D000ECECF /* DeviceActivityReportExtension */ = {
			isa = PBXGroup;
			children = (
				C9242BD72A64D78D000ECECF /* DeviceActivityExtension.swift */,
				C9713FC32A65388F00589A1C /* Model */,
				C9713FC62A6538A400589A1C /* ViewModel */,
				C9713FC92A6538B900589A1C /* View */,
				C9242BDD2A64D78D000ECECF /* Info.plist */,
				C9242BDE2A64D78D000ECECF /* DeviceActivityReportExtension.entitlements */,
			);
			path = DeviceActivityReportExtension;
			sourceTree = "<group>";
		};
		C96B03B32A5EA01C00B86493 /* Widget */ = {
			isa = PBXGroup;
			children = (
				C96B03B42A5EA03200B86493 /* WidgetVIew.swift */,
			);
			path = Widget;
			sourceTree = "<group>";
		};
		C9713FC32A65388F00589A1C /* Model */ = {
			isa = PBXGroup;
			children = (
				C909C2BE2A68379700854575 /* ActivityReportModels.swift */,
				C9713FC42A65389F00589A1C /* EmptyModel.swift */,
			);
			path = Model;
			sourceTree = "<group>";
		};
		C9713FC62A6538A400589A1C /* ViewModel */ = {
			isa = PBXGroup;
			children = (
				C9242BD92A64D78D000ECECF /* TotalActivityViewModel.swift */,
				C9713FC72A6538B300589A1C /* EmptyViewModel.swift */,
				6765512C2A70115000617638 /* MainActivityReport.swift */,
			);
			path = ViewModel;
			sourceTree = "<group>";
		};
		C9713FC92A6538B900589A1C /* View */ = {
			isa = PBXGroup;
			children = (
				C9713FCA2A6538BF00589A1C /* SplashScreen */,
				C9713FCB2A6538CA00589A1C /* InitialSetupScreen */,
				C9713FCC2A6538E600589A1C /* MainScreen */,
				C9713FCD2A6538ED00589A1C /* DailyFeedBack */,
				C9713FCE2A6538F600589A1C /* WeeklyFeedBack */,
				C9713FCF2A6538FC00589A1C /* FinalReport */,
				C9713FD02A65390400589A1C /* CostumeBook */,
			);
			path = View;
			sourceTree = "<group>";
		};
		C9713FCA2A6538BF00589A1C /* SplashScreen */ = {
			isa = PBXGroup;
			children = (
				C9713FE42A6593E400589A1C /* SplashView.swift */,
			);
			path = SplashScreen;
			sourceTree = "<group>";
		};
		C9713FCB2A6538CA00589A1C /* InitialSetupScreen */ = {
			isa = PBXGroup;
			children = (
				C9DFECD52A715B1C003190FD /* PieChartView.swift */,
				C9242BDB2A64D78D000ECECF /* TotalActivityView.swift */,
			);
			path = InitialSetupScreen;
			sourceTree = "<group>";
		};
		C9713FCC2A6538E600589A1C /* MainScreen */ = {
			isa = PBXGroup;
			children = (
				6765512E2A70118E00617638 /* MainActivityView.swift */,
				676551302A7011C700617638 /* ChickStatusView.swift */,
			);
			path = MainScreen;
			sourceTree = "<group>";
		};
		C9713FCD2A6538ED00589A1C /* DailyFeedBack */ = {
			isa = PBXGroup;
			children = (
				C9713FE82A65942600589A1C /* DailyFeedBackView.swift */,
			);
			path = DailyFeedBack;
			sourceTree = "<group>";
		};
		C9713FCE2A6538F600589A1C /* WeeklyFeedBack */ = {
			isa = PBXGroup;
			children = (
				C9713FEA2A65943200589A1C /* WeeklyFeedBackView.swift */,
			);
			path = WeeklyFeedBack;
			sourceTree = "<group>";
		};
		C9713FCF2A6538FC00589A1C /* FinalReport */ = {
			isa = PBXGroup;
			children = (
				C9713FEC2A65943D00589A1C /* FinalReportView.swift */,
			);
			path = FinalReport;
			sourceTree = "<group>";
		};
		C9713FD02A65390400589A1C /* CostumeBook */ = {
			isa = PBXGroup;
			children = (
				C9713FEE2A65944C00589A1C /* CostumeBookView.swift */,
			);
			path = CostumeBook;
			sourceTree = "<group>";
		};
		C9DFECCE2A71599C003190FD /* Fonts */ = {
			isa = PBXGroup;
			children = (
				C9DFECCF2A7159A9003190FD /* FontManager.swift */,
				C9DFECD12A7159C6003190FD /* DOSSaemmul.ttf */,
			);
			path = Fonts;
			sourceTree = "<group>";
		};
/* End PBXGroup section */

/* Begin PBXHeadersBuildPhase section */
		C910C9B02A67D8A300EEF718 /* Headers */ = {
			isa = PBXHeadersBuildPhase;
			buildActionMask = 2147483647;
			files = (
				C910C9C72A67D8A300EEF718 /* PeepPeepCommons.h in Headers */,
			);
			runOnlyForDeploymentPostprocessing = 0;
		};
/* End PBXHeadersBuildPhase section */

/* Begin PBXNativeTarget section */
		C910C9B42A67D8A300EEF718 /* PeepPeepCommons */ = {
			isa = PBXNativeTarget;
			buildConfigurationList = C910C9CC2A67D8A300EEF718 /* Build configuration list for PBXNativeTarget "PeepPeepCommons" */;
			buildPhases = (
				C910C9B02A67D8A300EEF718 /* Headers */,
				C910C9B12A67D8A300EEF718 /* Sources */,
				C910C9B22A67D8A300EEF718 /* Frameworks */,
				C910C9B32A67D8A300EEF718 /* Resources */,
			);
			buildRules = (
			);
			dependencies = (
			);
			name = PeepPeepCommons;
			productName = PeepPeepCommons;
			productReference = C910C9B52A67D8A300EEF718 /* PeepPeepCommons.framework */;
			productType = "com.apple.product-type.framework";
		};
		C910C9BD2A67D8A300EEF718 /* PeepPeepCommonsTests */ = {
			isa = PBXNativeTarget;
			buildConfigurationList = C910C9D02A67D8A300EEF718 /* Build configuration list for PBXNativeTarget "PeepPeepCommonsTests" */;
			buildPhases = (
				C910C9BA2A67D8A300EEF718 /* Sources */,
				C910C9BB2A67D8A300EEF718 /* Frameworks */,
				C910C9BC2A67D8A300EEF718 /* Resources */,
			);
			buildRules = (
			);
			dependencies = (
				C910C9C12A67D8A300EEF718 /* PBXTargetDependency */,
				C910C9C32A67D8A300EEF718 /* PBXTargetDependency */,
			);
			name = PeepPeepCommonsTests;
			productName = PeepPeepCommonsTests;
			productReference = C910C9BE2A67D8A300EEF718 /* PeepPeepCommonsTests.xctest */;
			productType = "com.apple.product-type.bundle.unit-test";
		};
		C91953E42A5E633F0090E916 /* PeepPeep */ = {
			isa = PBXNativeTarget;
			buildConfigurationList = C91953F32A5E63400090E916 /* Build configuration list for PBXNativeTarget "PeepPeep" */;
			buildPhases = (
				C91953E12A5E633F0090E916 /* Sources */,
				C91953E22A5E633F0090E916 /* Frameworks */,
				C91953E32A5E633F0090E916 /* Resources */,
				C992F9AC2A5E6B450050EBD1 /* ShellScript */,
				C9242BE52A64D78D000ECECF /* Embed ExtensionKit Extensions */,
				C910C9CF2A67D8A300EEF718 /* Embed Frameworks */,
			);
			buildRules = (
			);
			dependencies = (
				C9242BE02A64D78D000ECECF /* PBXTargetDependency */,
				C910C9C92A67D8A300EEF718 /* PBXTargetDependency */,
			);
			name = PeepPeep;
			productName = PeepPeep;
			productReference = C91953E52A5E633F0090E916 /* PeepPeep.app */;
			productType = "com.apple.product-type.application";
		};
		C9242BD42A64D78D000ECECF /* DeviceActivityReportExtension */ = {
			isa = PBXNativeTarget;
			buildConfigurationList = C9242BE22A64D78D000ECECF /* Build configuration list for PBXNativeTarget "DeviceActivityReportExtension" */;
			buildPhases = (
				C9242BD12A64D78D000ECECF /* Sources */,
				C9242BD22A64D78D000ECECF /* Frameworks */,
				C9242BD32A64D78D000ECECF /* Resources */,
				C910C9D82A67D8FE00EEF718 /* Embed Frameworks */,
			);
			buildRules = (
			);
			dependencies = (
				C910C9D72A67D8FE00EEF718 /* PBXTargetDependency */,
			);
			name = DeviceActivityReportExtension;
			productName = FeedBack;
			productReference = C9242BD52A64D78D000ECECF /* DeviceActivityReportExtension.appex */;
			productType = "com.apple.product-type.extensionkit-extension";
		};
/* End PBXNativeTarget section */

/* Begin PBXProject section */
		C91953DD2A5E633F0090E916 /* Project object */ = {
			isa = PBXProject;
			attributes = {
				BuildIndependentTargetsInParallel = 1;
				LastSwiftUpdateCheck = 1430;
				LastUpgradeCheck = 1430;
				TargetAttributes = {
					C910C9B42A67D8A300EEF718 = {
						CreatedOnToolsVersion = 14.3.1;
					};
					C910C9BD2A67D8A300EEF718 = {
						CreatedOnToolsVersion = 14.3.1;
						TestTargetID = C91953E42A5E633F0090E916;
					};
					C91953E42A5E633F0090E916 = {
						CreatedOnToolsVersion = 14.3.1;
					};
					C9242BD42A64D78D000ECECF = {
						CreatedOnToolsVersion = 14.3.1;
					};
				};
			};
			buildConfigurationList = C91953E02A5E633F0090E916 /* Build configuration list for PBXProject "PeepPeep" */;
			compatibilityVersion = "Xcode 14.0";
			developmentRegion = en;
			hasScannedForEncodings = 0;
			knownRegions = (
				en,
				Base,
			);
			mainGroup = C91953DC2A5E633F0090E916;
			productRefGroup = C91953E62A5E633F0090E916 /* Products */;
			projectDirPath = "";
			projectRoot = "";
			targets = (
				C91953E42A5E633F0090E916 /* PeepPeep */,
				C9242BD42A64D78D000ECECF /* DeviceActivityReportExtension */,
				C910C9B42A67D8A300EEF718 /* PeepPeepCommons */,
				C910C9BD2A67D8A300EEF718 /* PeepPeepCommonsTests */,
			);
		};
/* End PBXProject section */

/* Begin PBXResourcesBuildPhase section */
		C910C9B32A67D8A300EEF718 /* Resources */ = {
			isa = PBXResourcesBuildPhase;
			buildActionMask = 2147483647;
			files = (
				C9DFECD22A7159C6003190FD /* DOSSaemmul.ttf in Resources */,
			);
			runOnlyForDeploymentPostprocessing = 0;
		};
		C910C9BC2A67D8A300EEF718 /* Resources */ = {
			isa = PBXResourcesBuildPhase;
			buildActionMask = 2147483647;
			files = (
			);
			runOnlyForDeploymentPostprocessing = 0;
		};
		C91953E32A5E633F0090E916 /* Resources */ = {
			isa = PBXResourcesBuildPhase;
			buildActionMask = 2147483647;
			files = (
				C9DFECF02A716975003190FD /* DOSSaemmul.ttf in Resources */,
				C992F9B02A5E6C600050EBD1 /* .swiftlint.yml in Resources */,
				C91953F02A5E63400090E916 /* Preview Assets.xcassets in Resources */,
				C909C2C42A683B7100854575 /* Assets.xcassets in Resources */,
			);
			runOnlyForDeploymentPostprocessing = 0;
		};
		C9242BD32A64D78D000ECECF /* Resources */ = {
			isa = PBXResourcesBuildPhase;
			buildActionMask = 2147483647;
			files = (
				C9DFECEF2A716974003190FD /* DOSSaemmul.ttf in Resources */,
				C909C2C52A683B7100854575 /* Assets.xcassets in Resources */,
			);
			runOnlyForDeploymentPostprocessing = 0;
		};
/* End PBXResourcesBuildPhase section */

/* Begin PBXShellScriptBuildPhase section */
		C992F9AC2A5E6B450050EBD1 /* ShellScript */ = {
			isa = PBXShellScriptBuildPhase;
			alwaysOutOfDate = 1;
			buildActionMask = 2147483647;
			files = (
			);
			inputFileListPaths = (
			);
			inputPaths = (
			);
			outputFileListPaths = (
			);
			outputPaths = (
			);
			runOnlyForDeploymentPostprocessing = 0;
			shellPath = /bin/sh;
			shellScript = "export PATH=\"$PATH:/opt/homebrew/bin\"\nif which swiftlint > /dev/null; then\n  swiftlint\nelse\n  echo \"warning: SwiftLint not installed, download from https://github.com/realm/SwiftLint\"\nfi\n";
		};
/* End PBXShellScriptBuildPhase section */

/* Begin PBXSourcesBuildPhase section */
		C910C9B12A67D8A300EEF718 /* Sources */ = {
			isa = PBXSourcesBuildPhase;
			buildActionMask = 2147483647;
			files = (
				C9DFECE82A715F1F003190FD /* CustomSpacer.swift in Sources */,
				C909C2BD2A68108300854575 /* EmptyUtils.swift in Sources */,
				C910C9B92A67D8A300EEF718 /* PeepPeepCommons.docc in Sources */,
				C909C2BC2A68107500854575 /* EmptyExtensions.swift in Sources */,
				C909C2B82A6803D300854575 /* Colors.swift in Sources */,
				C910C9DA2A67DA1200EEF718 /* TimeInterval+.swift in Sources */,
				C9DFECF82A73D6FF003190FD /* TimeIntervalFormatter.swift in Sources */,
				C9DFECE62A715EF6003190FD /* BackButton.swift in Sources */,
				C909C2BB2A68107200854575 /* EmptyComponents.swift in Sources */,
				C9DFECD02A7159A9003190FD /* FontManager.swift in Sources */,
				C909C2BA2A68106F00854575 /* Styles.swift in Sources */,
			);
			runOnlyForDeploymentPostprocessing = 0;
		};
		C910C9BA2A67D8A300EEF718 /* Sources */ = {
			isa = PBXSourcesBuildPhase;
			buildActionMask = 2147483647;
			files = (
			);
			runOnlyForDeploymentPostprocessing = 0;
		};
		C91953E12A5E633F0090E916 /* Sources */ = {
			isa = PBXSourcesBuildPhase;
			buildActionMask = 2147483647;
			files = (
				C91953F72A5E63500090E916 /* AppDelegate.swift in Sources */,
				C96B03C02A5EA10100B86493 /* SplashView.swift in Sources */,
				C96B03B52A5EA03200B86493 /* WidgetVIew.swift in Sources */,
				C9DFECE92A716024003190FD /* ChickNamingVIewModel.swift in Sources */,
				C94C2EDB2A5EBCE100D93A4C /* DailyFeedBackView.swift in Sources */,
				32824F982A5E824C000DE3D4 /* WeeklyFeedBackView.swift in Sources */,
				C94C2EDA2A5EBC5200D93A4C /* FinalReportView.swift in Sources */,
				C9242BE72A64D80D000ECECF /* ActivitySummaryView.swift in Sources */,
				C9DFECED2A716211003190FD /* TimeSettingView.swift in Sources */,
				85DBE1DA2A70365C00AECFB5 /* SettingView.swift in Sources */,
				6765512B2A7010F800617638 /* HelperView.swift in Sources */,
				C9DFECDE2A715C6B003190FD /* ChickNamingView.swift in Sources */,
				C96B03A52A5E9F6300B86493 /* EmptyModel.swift in Sources */,
				C9DFECDC2A715BF0003190FD /* ScreenTimeAppSelectionViewModel.swift in Sources */,
				C96B03AA2A5E9F8B00B86493 /* EmptyViewModel.swift in Sources */,
				C9DFECDA2A715BB2003190FD /* Chick.swift in Sources */,
				C96B03BE2A5EA0E600B86493 /* MainView.swift in Sources */,
				C96B03C42A5EA16B00B86493 /* CostumesBookView.swift in Sources */,
				C91953EB2A5E633F0090E916 /* ContentView.swift in Sources */,
				C91953E92A5E633F0090E916 /* PeepPeepApp.swift in Sources */,
				C9DFECE02A715C9A003190FD /* ProgressBar.swift in Sources */,
				85DBE1DC2A7060FE00AECFB5 /* LoadingView.swift in Sources */,
				C9DFECF62A72EBCA003190FD /* ScreenTimeAppSelection.swift in Sources */,
				C9DFECE22A715CD0003190FD /* ScreenTimeRequestView.swift in Sources */,
			);
			runOnlyForDeploymentPostprocessing = 0;
		};
		C9242BD12A64D78D000ECECF /* Sources */ = {
			isa = PBXSourcesBuildPhase;
			buildActionMask = 2147483647;
			files = (
				C9713FE52A6593E400589A1C /* SplashView.swift in Sources */,
				676551312A7011C700617638 /* ChickStatusView.swift in Sources */,
				C9713FED2A65943D00589A1C /* FinalReportView.swift in Sources */,
				C9242BDC2A64D78D000ECECF /* TotalActivityView.swift in Sources */,
				C9713FEB2A65943200589A1C /* WeeklyFeedBackView.swift in Sources */,
				C9713FEF2A65944C00589A1C /* CostumeBookView.swift in Sources */,
				C9DFECEE2A71638D003190FD /* PieChartView.swift in Sources */,
				6765512D2A70115000617638 /* MainActivityReport.swift in Sources */,
				C9242BD82A64D78D000ECECF /* DeviceActivityExtension.swift in Sources */,
				C9713FC82A6538B300589A1C /* EmptyViewModel.swift in Sources */,
				C9242BDA2A64D78D000ECECF /* TotalActivityViewModel.swift in Sources */,
				C9DFECEB2A716169003190FD /* ActivityReportModels.swift in Sources */,
				6765512F2A70118E00617638 /* MainActivityView.swift in Sources */,
				C9713FE92A65942600589A1C /* DailyFeedBackView.swift in Sources */,
				C9713FC52A65389F00589A1C /* EmptyModel.swift in Sources */,
			);
			runOnlyForDeploymentPostprocessing = 0;
		};
/* End PBXSourcesBuildPhase section */

/* Begin PBXTargetDependency section */
		C910C9C12A67D8A300EEF718 /* PBXTargetDependency */ = {
			isa = PBXTargetDependency;
			target = C910C9B42A67D8A300EEF718 /* PeepPeepCommons */;
			targetProxy = C910C9C02A67D8A300EEF718 /* PBXContainerItemProxy */;
		};
		C910C9C32A67D8A300EEF718 /* PBXTargetDependency */ = {
			isa = PBXTargetDependency;
			target = C91953E42A5E633F0090E916 /* PeepPeep */;
			targetProxy = C910C9C22A67D8A300EEF718 /* PBXContainerItemProxy */;
		};
		C910C9C92A67D8A300EEF718 /* PBXTargetDependency */ = {
			isa = PBXTargetDependency;
			target = C910C9B42A67D8A300EEF718 /* PeepPeepCommons */;
			targetProxy = C910C9C82A67D8A300EEF718 /* PBXContainerItemProxy */;
		};
		C910C9D72A67D8FE00EEF718 /* PBXTargetDependency */ = {
			isa = PBXTargetDependency;
			target = C910C9B42A67D8A300EEF718 /* PeepPeepCommons */;
			targetProxy = C910C9D62A67D8FE00EEF718 /* PBXContainerItemProxy */;
		};
		C9242BE02A64D78D000ECECF /* PBXTargetDependency */ = {
			isa = PBXTargetDependency;
			target = C9242BD42A64D78D000ECECF /* DeviceActivityReportExtension */;
			targetProxy = C9242BDF2A64D78D000ECECF /* PBXContainerItemProxy */;
		};
/* End PBXTargetDependency section */

/* Begin XCBuildConfiguration section */
		C910C9CD2A67D8A300EEF718 /* Debug */ = {
			isa = XCBuildConfiguration;
			buildSettings = {
				CODE_SIGN_IDENTITY = "Apple Development";
				CODE_SIGN_STYLE = Manual;
				CURRENT_PROJECT_VERSION = 1;
				DEFINES_MODULE = YES;
				DEVELOPMENT_TEAM = "";
				"DEVELOPMENT_TEAM[sdk=iphoneos*]" = "";
				DYLIB_COMPATIBILITY_VERSION = 1;
				DYLIB_CURRENT_VERSION = 1;
				DYLIB_INSTALL_NAME_BASE = "@rpath";
				ENABLE_MODULE_VERIFIER = YES;
				GENERATE_INFOPLIST_FILE = YES;
				INFOPLIST_FILE = PeepPeepCommons/Info.plist;
				INFOPLIST_KEY_NSHumanReadableCopyright = "";
				INSTALL_PATH = "$(LOCAL_LIBRARY_DIR)/Frameworks";
				IPHONEOS_DEPLOYMENT_TARGET = 16.0;
				LD_RUNPATH_SEARCH_PATHS = (
					"$(inherited)",
					"@executable_path/Frameworks",
					"@loader_path/Frameworks",
				);
				MARKETING_VERSION = 1.0;
				MODULE_VERIFIER_SUPPORTED_LANGUAGES = "objective-c objective-c++";
				MODULE_VERIFIER_SUPPORTED_LANGUAGE_STANDARDS = "gnu11 gnu++20";
				PRODUCT_BUNDLE_IDENTIFIER = hajime.PeepPeepCommons;
				PRODUCT_NAME = "$(TARGET_NAME:c99extidentifier)";
				PROVISIONING_PROFILE_SPECIFIER = "";
				SKIP_INSTALL = YES;
				SWIFT_EMIT_LOC_STRINGS = YES;
				SWIFT_VERSION = 5.0;
				TARGETED_DEVICE_FAMILY = "1,2";
				VERSIONING_SYSTEM = "apple-generic";
				VERSION_INFO_PREFIX = "";
			};
			name = Debug;
		};
		C910C9CE2A67D8A300EEF718 /* Release */ = {
			isa = XCBuildConfiguration;
			buildSettings = {
				CODE_SIGN_IDENTITY = "Apple Development";
				CODE_SIGN_STYLE = Manual;
				CURRENT_PROJECT_VERSION = 1;
				DEFINES_MODULE = YES;
				DEVELOPMENT_TEAM = "";
				"DEVELOPMENT_TEAM[sdk=iphoneos*]" = "";
				DYLIB_COMPATIBILITY_VERSION = 1;
				DYLIB_CURRENT_VERSION = 1;
				DYLIB_INSTALL_NAME_BASE = "@rpath";
				ENABLE_MODULE_VERIFIER = YES;
				GENERATE_INFOPLIST_FILE = YES;
				INFOPLIST_FILE = PeepPeepCommons/Info.plist;
				INFOPLIST_KEY_NSHumanReadableCopyright = "";
				INSTALL_PATH = "$(LOCAL_LIBRARY_DIR)/Frameworks";
				IPHONEOS_DEPLOYMENT_TARGET = 16.0;
				LD_RUNPATH_SEARCH_PATHS = (
					"$(inherited)",
					"@executable_path/Frameworks",
					"@loader_path/Frameworks",
				);
				MARKETING_VERSION = 1.0;
				MODULE_VERIFIER_SUPPORTED_LANGUAGES = "objective-c objective-c++";
				MODULE_VERIFIER_SUPPORTED_LANGUAGE_STANDARDS = "gnu11 gnu++20";
				PRODUCT_BUNDLE_IDENTIFIER = hajime.PeepPeepCommons;
				PRODUCT_NAME = "$(TARGET_NAME:c99extidentifier)";
				PROVISIONING_PROFILE_SPECIFIER = "";
				SKIP_INSTALL = YES;
				SWIFT_EMIT_LOC_STRINGS = YES;
				SWIFT_VERSION = 5.0;
				TARGETED_DEVICE_FAMILY = "1,2";
				VERSIONING_SYSTEM = "apple-generic";
				VERSION_INFO_PREFIX = "";
			};
			name = Release;
		};
		C910C9D12A67D8A300EEF718 /* Debug */ = {
			isa = XCBuildConfiguration;
			buildSettings = {
				ALWAYS_EMBED_SWIFT_STANDARD_LIBRARIES = YES;
				"CODE_SIGN_IDENTITY[sdk=iphoneos*]" = "iPhone Developer";
				CODE_SIGN_STYLE = Manual;
				CURRENT_PROJECT_VERSION = 1;
				DEVELOPMENT_TEAM = "";
				"DEVELOPMENT_TEAM[sdk=iphoneos*]" = "";
				GENERATE_INFOPLIST_FILE = YES;
				IPHONEOS_DEPLOYMENT_TARGET = 16.0;
				MARKETING_VERSION = 1.0;
				PRODUCT_BUNDLE_IDENTIFIER = hajime.PeepPeepCommonsTests;
				PRODUCT_NAME = "$(TARGET_NAME)";
				PROVISIONING_PROFILE_SPECIFIER = "";
				"PROVISIONING_PROFILE_SPECIFIER[sdk=iphoneos*]" = "";
				SWIFT_EMIT_LOC_STRINGS = NO;
				SWIFT_VERSION = 5.0;
				TARGETED_DEVICE_FAMILY = "1,2";
				TEST_HOST = "$(BUILT_PRODUCTS_DIR)/PeepPeep.app/$(BUNDLE_EXECUTABLE_FOLDER_PATH)/PeepPeep";
			};
			name = Debug;
		};
		C910C9D22A67D8A300EEF718 /* Release */ = {
			isa = XCBuildConfiguration;
			buildSettings = {
				ALWAYS_EMBED_SWIFT_STANDARD_LIBRARIES = YES;
				"CODE_SIGN_IDENTITY[sdk=iphoneos*]" = "iPhone Developer";
				CODE_SIGN_STYLE = Manual;
				CURRENT_PROJECT_VERSION = 1;
				DEVELOPMENT_TEAM = "";
				"DEVELOPMENT_TEAM[sdk=iphoneos*]" = "";
				GENERATE_INFOPLIST_FILE = YES;
				IPHONEOS_DEPLOYMENT_TARGET = 16.0;
				MARKETING_VERSION = 1.0;
				PRODUCT_BUNDLE_IDENTIFIER = hajime.PeepPeepCommonsTests;
				PRODUCT_NAME = "$(TARGET_NAME)";
				PROVISIONING_PROFILE_SPECIFIER = "";
				"PROVISIONING_PROFILE_SPECIFIER[sdk=iphoneos*]" = "";
				SWIFT_EMIT_LOC_STRINGS = NO;
				SWIFT_VERSION = 5.0;
				TARGETED_DEVICE_FAMILY = "1,2";
				TEST_HOST = "$(BUILT_PRODUCTS_DIR)/PeepPeep.app/$(BUNDLE_EXECUTABLE_FOLDER_PATH)/PeepPeep";
			};
			name = Release;
		};
		C91953F12A5E63400090E916 /* Debug */ = {
			isa = XCBuildConfiguration;
			buildSettings = {
				ALWAYS_SEARCH_USER_PATHS = NO;
				APPLICATION_EXTENSION_API_ONLY = YES;
				CLANG_ANALYZER_NONNULL = YES;
				CLANG_ANALYZER_NUMBER_OBJECT_CONVERSION = YES_AGGRESSIVE;
				CLANG_CXX_LANGUAGE_STANDARD = "gnu++20";
				CLANG_ENABLE_MODULES = YES;
				CLANG_ENABLE_OBJC_ARC = YES;
				CLANG_ENABLE_OBJC_WEAK = YES;
				CLANG_WARN_BLOCK_CAPTURE_AUTORELEASING = YES;
				CLANG_WARN_BOOL_CONVERSION = YES;
				CLANG_WARN_COMMA = YES;
				CLANG_WARN_CONSTANT_CONVERSION = YES;
				CLANG_WARN_DEPRECATED_OBJC_IMPLEMENTATIONS = YES;
				CLANG_WARN_DIRECT_OBJC_ISA_USAGE = YES_ERROR;
				CLANG_WARN_DOCUMENTATION_COMMENTS = YES;
				CLANG_WARN_EMPTY_BODY = YES;
				CLANG_WARN_ENUM_CONVERSION = YES;
				CLANG_WARN_INFINITE_RECURSION = YES;
				CLANG_WARN_INT_CONVERSION = YES;
				CLANG_WARN_NON_LITERAL_NULL_CONVERSION = YES;
				CLANG_WARN_OBJC_IMPLICIT_RETAIN_SELF = YES;
				CLANG_WARN_OBJC_LITERAL_CONVERSION = YES;
				CLANG_WARN_OBJC_ROOT_CLASS = YES_ERROR;
				CLANG_WARN_QUOTED_INCLUDE_IN_FRAMEWORK_HEADER = YES;
				CLANG_WARN_RANGE_LOOP_ANALYSIS = YES;
				CLANG_WARN_STRICT_PROTOTYPES = YES;
				CLANG_WARN_SUSPICIOUS_MOVE = YES;
				CLANG_WARN_UNGUARDED_AVAILABILITY = YES_AGGRESSIVE;
				CLANG_WARN_UNREACHABLE_CODE = YES;
				CLANG_WARN__DUPLICATE_METHOD_MATCH = YES;
				COPY_PHASE_STRIP = NO;
				DEBUG_INFORMATION_FORMAT = dwarf;
				EMBED_ASSET_PACKS_IN_PRODUCT_BUNDLE = YES;
				ENABLE_STRICT_OBJC_MSGSEND = YES;
				ENABLE_TESTABILITY = YES;
				GCC_C_LANGUAGE_STANDARD = gnu11;
				GCC_DYNAMIC_NO_PIC = NO;
				GCC_NO_COMMON_BLOCKS = YES;
				GCC_OPTIMIZATION_LEVEL = 0;
				GCC_PREPROCESSOR_DEFINITIONS = (
					"DEBUG=1",
					"$(inherited)",
				);
				GCC_WARN_64_TO_32_BIT_CONVERSION = YES;
				GCC_WARN_ABOUT_RETURN_TYPE = YES_ERROR;
				GCC_WARN_UNDECLARED_SELECTOR = YES;
				GCC_WARN_UNINITIALIZED_AUTOS = YES_AGGRESSIVE;
				GCC_WARN_UNUSED_FUNCTION = YES;
				GCC_WARN_UNUSED_VARIABLE = YES;
				IPHONEOS_DEPLOYMENT_TARGET = 16.4;
				MTL_ENABLE_DEBUG_INFO = INCLUDE_SOURCE;
				MTL_FAST_MATH = YES;
				ONLY_ACTIVE_ARCH = YES;
				SDKROOT = iphoneos;
				SWIFT_ACTIVE_COMPILATION_CONDITIONS = DEBUG;
				SWIFT_OPTIMIZATION_LEVEL = "-Onone";
			};
			name = Debug;
		};
		C91953F22A5E63400090E916 /* Release */ = {
			isa = XCBuildConfiguration;
			buildSettings = {
				ALWAYS_SEARCH_USER_PATHS = NO;
				APPLICATION_EXTENSION_API_ONLY = YES;
				CLANG_ANALYZER_NONNULL = YES;
				CLANG_ANALYZER_NUMBER_OBJECT_CONVERSION = YES_AGGRESSIVE;
				CLANG_CXX_LANGUAGE_STANDARD = "gnu++20";
				CLANG_ENABLE_MODULES = YES;
				CLANG_ENABLE_OBJC_ARC = YES;
				CLANG_ENABLE_OBJC_WEAK = YES;
				CLANG_WARN_BLOCK_CAPTURE_AUTORELEASING = YES;
				CLANG_WARN_BOOL_CONVERSION = YES;
				CLANG_WARN_COMMA = YES;
				CLANG_WARN_CONSTANT_CONVERSION = YES;
				CLANG_WARN_DEPRECATED_OBJC_IMPLEMENTATIONS = YES;
				CLANG_WARN_DIRECT_OBJC_ISA_USAGE = YES_ERROR;
				CLANG_WARN_DOCUMENTATION_COMMENTS = YES;
				CLANG_WARN_EMPTY_BODY = YES;
				CLANG_WARN_ENUM_CONVERSION = YES;
				CLANG_WARN_INFINITE_RECURSION = YES;
				CLANG_WARN_INT_CONVERSION = YES;
				CLANG_WARN_NON_LITERAL_NULL_CONVERSION = YES;
				CLANG_WARN_OBJC_IMPLICIT_RETAIN_SELF = YES;
				CLANG_WARN_OBJC_LITERAL_CONVERSION = YES;
				CLANG_WARN_OBJC_ROOT_CLASS = YES_ERROR;
				CLANG_WARN_QUOTED_INCLUDE_IN_FRAMEWORK_HEADER = YES;
				CLANG_WARN_RANGE_LOOP_ANALYSIS = YES;
				CLANG_WARN_STRICT_PROTOTYPES = YES;
				CLANG_WARN_SUSPICIOUS_MOVE = YES;
				CLANG_WARN_UNGUARDED_AVAILABILITY = YES_AGGRESSIVE;
				CLANG_WARN_UNREACHABLE_CODE = YES;
				CLANG_WARN__DUPLICATE_METHOD_MATCH = YES;
				COPY_PHASE_STRIP = NO;
				DEBUG_INFORMATION_FORMAT = "dwarf-with-dsym";
				EMBED_ASSET_PACKS_IN_PRODUCT_BUNDLE = YES;
				ENABLE_NS_ASSERTIONS = NO;
				ENABLE_STRICT_OBJC_MSGSEND = YES;
				GCC_C_LANGUAGE_STANDARD = gnu11;
				GCC_NO_COMMON_BLOCKS = YES;
				GCC_WARN_64_TO_32_BIT_CONVERSION = YES;
				GCC_WARN_ABOUT_RETURN_TYPE = YES_ERROR;
				GCC_WARN_UNDECLARED_SELECTOR = YES;
				GCC_WARN_UNINITIALIZED_AUTOS = YES_AGGRESSIVE;
				GCC_WARN_UNUSED_FUNCTION = YES;
				GCC_WARN_UNUSED_VARIABLE = YES;
				IPHONEOS_DEPLOYMENT_TARGET = 16.4;
				MTL_ENABLE_DEBUG_INFO = NO;
				MTL_FAST_MATH = YES;
				SDKROOT = iphoneos;
				SWIFT_COMPILATION_MODE = wholemodule;
				SWIFT_OPTIMIZATION_LEVEL = "-O";
				VALIDATE_PRODUCT = YES;
			};
			name = Release;
		};
		C91953F42A5E63400090E916 /* Debug */ = {
			isa = XCBuildConfiguration;
			buildSettings = {
				ALWAYS_EMBED_SWIFT_STANDARD_LIBRARIES = YES;
				ASSETCATALOG_COMPILER_APPICON_NAME = AppIcon;
				ASSETCATALOG_COMPILER_GLOBAL_ACCENT_COLOR_NAME = AccentColor;
				CODE_SIGN_ENTITLEMENTS = PeepPeep/PeepPeep.entitlements;
				CODE_SIGN_IDENTITY = "Apple Development";
				"CODE_SIGN_IDENTITY[sdk=iphoneos*]" = "iPhone Developer";
				CODE_SIGN_STYLE = Manual;
				CURRENT_PROJECT_VERSION = 1;
				DEVELOPMENT_ASSET_PATHS = "\"PeepPeep/Preview Content\"";
				DEVELOPMENT_TEAM = "";
				"DEVELOPMENT_TEAM[sdk=iphoneos*]" = 7C76V3X7AB;
				EMBED_ASSET_PACKS_IN_PRODUCT_BUNDLE = YES;
				ENABLE_PREVIEWS = YES;
				GENERATE_INFOPLIST_FILE = YES;
				INFOPLIST_FILE = PeepPeep/Info.plist;
				INFOPLIST_KEY_UIApplicationSceneManifest_Generation = YES;
				INFOPLIST_KEY_UIApplicationSupportsIndirectInputEvents = YES;
				INFOPLIST_KEY_UILaunchScreen_Generation = YES;
				INFOPLIST_KEY_UISupportedInterfaceOrientations_iPad = "UIInterfaceOrientationPortrait UIInterfaceOrientationPortraitUpsideDown UIInterfaceOrientationLandscapeLeft UIInterfaceOrientationLandscapeRight";
				INFOPLIST_KEY_UISupportedInterfaceOrientations_iPhone = "UIInterfaceOrientationPortrait UIInterfaceOrientationLandscapeLeft UIInterfaceOrientationLandscapeRight";
				IPHONEOS_DEPLOYMENT_TARGET = 16.0;
				LD_RUNPATH_SEARCH_PATHS = (
					"$(inherited)",
					"@executable_path/Frameworks",
				);
				MARKETING_VERSION = 1.0;
				PRODUCT_BUNDLE_IDENTIFIER = hajime.PeepPeep;
				PRODUCT_NAME = "$(TARGET_NAME)";
				PROVISIONING_PROFILE_SPECIFIER = "";
				"PROVISIONING_PROFILE_SPECIFIER[sdk=iphoneos*]" = ProvisioningProfile_PeepPeep;
				SWIFT_EMIT_LOC_STRINGS = YES;
				SWIFT_VERSION = 5.0;
				TARGETED_DEVICE_FAMILY = "1,2";
			};
			name = Debug;
		};
		C91953F52A5E63400090E916 /* Release */ = {
			isa = XCBuildConfiguration;
			buildSettings = {
				ALWAYS_EMBED_SWIFT_STANDARD_LIBRARIES = YES;
				ASSETCATALOG_COMPILER_APPICON_NAME = AppIcon;
				ASSETCATALOG_COMPILER_GLOBAL_ACCENT_COLOR_NAME = AccentColor;
				CODE_SIGN_ENTITLEMENTS = PeepPeep/PeepPeep.entitlements;
				CODE_SIGN_IDENTITY = "Apple Development";
				"CODE_SIGN_IDENTITY[sdk=iphoneos*]" = "iPhone Developer";
				CODE_SIGN_STYLE = Manual;
				CURRENT_PROJECT_VERSION = 1;
				DEVELOPMENT_ASSET_PATHS = "\"PeepPeep/Preview Content\"";
				DEVELOPMENT_TEAM = "";
				"DEVELOPMENT_TEAM[sdk=iphoneos*]" = 7C76V3X7AB;
				EMBED_ASSET_PACKS_IN_PRODUCT_BUNDLE = YES;
				ENABLE_PREVIEWS = YES;
				GENERATE_INFOPLIST_FILE = YES;
				INFOPLIST_FILE = PeepPeep/Info.plist;
				INFOPLIST_KEY_UIApplicationSceneManifest_Generation = YES;
				INFOPLIST_KEY_UIApplicationSupportsIndirectInputEvents = YES;
				INFOPLIST_KEY_UILaunchScreen_Generation = YES;
				INFOPLIST_KEY_UISupportedInterfaceOrientations_iPad = "UIInterfaceOrientationPortrait UIInterfaceOrientationPortraitUpsideDown UIInterfaceOrientationLandscapeLeft UIInterfaceOrientationLandscapeRight";
				INFOPLIST_KEY_UISupportedInterfaceOrientations_iPhone = "UIInterfaceOrientationPortrait UIInterfaceOrientationLandscapeLeft UIInterfaceOrientationLandscapeRight";
				IPHONEOS_DEPLOYMENT_TARGET = 16.0;
				LD_RUNPATH_SEARCH_PATHS = (
					"$(inherited)",
					"@executable_path/Frameworks",
				);
				MARKETING_VERSION = 1.0;
				PRODUCT_BUNDLE_IDENTIFIER = hajime.PeepPeep;
				PRODUCT_NAME = "$(TARGET_NAME)";
				PROVISIONING_PROFILE_SPECIFIER = "";
				"PROVISIONING_PROFILE_SPECIFIER[sdk=iphoneos*]" = ProvisioningProfile_PeepPeep;
				SWIFT_EMIT_LOC_STRINGS = YES;
				SWIFT_VERSION = 5.0;
				TARGETED_DEVICE_FAMILY = "1,2";
			};
			name = Release;
		};
		C9242BE32A64D78D000ECECF /* Debug */ = {
			isa = XCBuildConfiguration;
			buildSettings = {
				APPLICATION_EXTENSION_API_ONLY = YES;
				CODE_SIGN_ENTITLEMENTS = DeviceActivityReportExtension/DeviceActivityReportExtension.entitlements;
				CODE_SIGN_IDENTITY = "Apple Development";
				"CODE_SIGN_IDENTITY[sdk=iphoneos*]" = "iPhone Developer";
				CODE_SIGN_STYLE = Manual;
				CURRENT_PROJECT_VERSION = 1;
				DEVELOPMENT_TEAM = "";
				"DEVELOPMENT_TEAM[sdk=iphoneos*]" = 7C76V3X7AB;
				GENERATE_INFOPLIST_FILE = YES;
				INFOPLIST_FILE = DeviceActivityReportExtension/Info.plist;
				INFOPLIST_KEY_CFBundleDisplayName = DeviceActivityReportExtension;
				INFOPLIST_KEY_NSHumanReadableCopyright = "";
				IPHONEOS_DEPLOYMENT_TARGET = 16.0;
				LD_RUNPATH_SEARCH_PATHS = (
					"$(inherited)",
					"@executable_path/Frameworks",
					"@executable_path/../../Frameworks",
				);
				MARKETING_VERSION = 1.0;
				PRODUCT_BUNDLE_IDENTIFIER = hajime.PeepPeep.DeviceActivityReportExtension;
				PRODUCT_NAME = "$(TARGET_NAME)";
				PROVISIONING_PROFILE_SPECIFIER = "";
				"PROVISIONING_PROFILE_SPECIFIER[sdk=iphoneos*]" = ProvisioningProfile_PeepPeep_Extension;
				SKIP_INSTALL = YES;
				SWIFT_EMIT_LOC_STRINGS = YES;
				SWIFT_VERSION = 5.0;
				TARGETED_DEVICE_FAMILY = "1,2";
			};
			name = Debug;
		};
		C9242BE42A64D78D000ECECF /* Release */ = {
			isa = XCBuildConfiguration;
			buildSettings = {
				APPLICATION_EXTENSION_API_ONLY = YES;
				CODE_SIGN_ENTITLEMENTS = DeviceActivityReportExtension/DeviceActivityReportExtension.entitlements;
				CODE_SIGN_IDENTITY = "Apple Development";
				"CODE_SIGN_IDENTITY[sdk=iphoneos*]" = "iPhone Developer";
				CODE_SIGN_STYLE = Manual;
				CURRENT_PROJECT_VERSION = 1;
				DEVELOPMENT_TEAM = "";
				"DEVELOPMENT_TEAM[sdk=iphoneos*]" = 7C76V3X7AB;
				GENERATE_INFOPLIST_FILE = YES;
				INFOPLIST_FILE = DeviceActivityReportExtension/Info.plist;
				INFOPLIST_KEY_CFBundleDisplayName = DeviceActivityReportExtension;
				INFOPLIST_KEY_NSHumanReadableCopyright = "";
				IPHONEOS_DEPLOYMENT_TARGET = 16.0;
				LD_RUNPATH_SEARCH_PATHS = (
					"$(inherited)",
					"@executable_path/Frameworks",
					"@executable_path/../../Frameworks",
				);
				MARKETING_VERSION = 1.0;
				PRODUCT_BUNDLE_IDENTIFIER = hajime.PeepPeep.DeviceActivityReportExtension;
				PRODUCT_NAME = "$(TARGET_NAME)";
				PROVISIONING_PROFILE_SPECIFIER = "";
				"PROVISIONING_PROFILE_SPECIFIER[sdk=iphoneos*]" = ProvisioningProfile_PeepPeep_Extension;
				SKIP_INSTALL = YES;
				SWIFT_EMIT_LOC_STRINGS = YES;
				SWIFT_VERSION = 5.0;
				TARGETED_DEVICE_FAMILY = "1,2";
			};
			name = Release;
		};
/* End XCBuildConfiguration section */

/* Begin XCConfigurationList section */
		C910C9CC2A67D8A300EEF718 /* Build configuration list for PBXNativeTarget "PeepPeepCommons" */ = {
			isa = XCConfigurationList;
			buildConfigurations = (
				C910C9CD2A67D8A300EEF718 /* Debug */,
				C910C9CE2A67D8A300EEF718 /* Release */,
			);
			defaultConfigurationIsVisible = 0;
			defaultConfigurationName = Release;
		};
		C910C9D02A67D8A300EEF718 /* Build configuration list for PBXNativeTarget "PeepPeepCommonsTests" */ = {
			isa = XCConfigurationList;
			buildConfigurations = (
				C910C9D12A67D8A300EEF718 /* Debug */,
				C910C9D22A67D8A300EEF718 /* Release */,
			);
			defaultConfigurationIsVisible = 0;
			defaultConfigurationName = Release;
		};
		C91953E02A5E633F0090E916 /* Build configuration list for PBXProject "PeepPeep" */ = {
			isa = XCConfigurationList;
			buildConfigurations = (
				C91953F12A5E63400090E916 /* Debug */,
				C91953F22A5E63400090E916 /* Release */,
			);
			defaultConfigurationIsVisible = 0;
			defaultConfigurationName = Release;
		};
		C91953F32A5E63400090E916 /* Build configuration list for PBXNativeTarget "PeepPeep" */ = {
			isa = XCConfigurationList;
			buildConfigurations = (
				C91953F42A5E63400090E916 /* Debug */,
				C91953F52A5E63400090E916 /* Release */,
			);
			defaultConfigurationIsVisible = 0;
			defaultConfigurationName = Release;
		};
		C9242BE22A64D78D000ECECF /* Build configuration list for PBXNativeTarget "DeviceActivityReportExtension" */ = {
			isa = XCConfigurationList;
			buildConfigurations = (
				C9242BE32A64D78D000ECECF /* Debug */,
				C9242BE42A64D78D000ECECF /* Release */,
			);
			defaultConfigurationIsVisible = 0;
			defaultConfigurationName = Release;
		};
/* End XCConfigurationList section */
	};
	rootObject = C91953DD2A5E633F0090E916 /* Project object */;
}
